// !$*UTF8*$!
{
	archiveVersion = 1;
	classes = {
	};
	objectVersion = 46;
	objects = {

/* Begin PBXBuildFile section */
		26193F4C1AA8324600787C64 /* CubeEngine.h in CopyFiles */ = {isa = PBXBuildFile; fileRef = 26193F4B1AA8324600787C64 /* CubeEngine.h */; };
		26193F4E1AA8324600787C64 /* CubeEngine.m in Sources */ = {isa = PBXBuildFile; fileRef = 26193F4D1AA8324600787C64 /* CubeEngine.m */; };
		26193F651AA832E400787C64 /* UIKit.framework in Frameworks */ = {isa = PBXBuildFile; fileRef = 26193F641AA832E400787C64 /* UIKit.framework */; };
		26193F671AA832E700787C64 /* GLKit.framework in Frameworks */ = {isa = PBXBuildFile; fileRef = 26193F661AA832E700787C64 /* GLKit.framework */; };
		26193F691AA832EB00787C64 /* QuartzCore.framework in Frameworks */ = {isa = PBXBuildFile; fileRef = 26193F681AA832EB00787C64 /* QuartzCore.framework */; };
		26193F6B1AA832F000787C64 /* CoreGraphics.framework in Frameworks */ = {isa = PBXBuildFile; fileRef = 26193F6A1AA832F000787C64 /* CoreGraphics.framework */; };
		26193F6D1AA832F800787C64 /* Foundation.framework in Frameworks */ = {isa = PBXBuildFile; fileRef = 26193F6C1AA832F800787C64 /* Foundation.framework */; };
		26193FB91AA8574000787C64 /* CERenderer.m in Sources */ = {isa = PBXBuildFile; fileRef = 26193FB81AA8574000787C64 /* CERenderer.m */; };
		26193FBF1AA85F3F00787C64 /* CEProgram.m in Sources */ = {isa = PBXBuildFile; fileRef = 26193FBE1AA85F3F00787C64 /* CEProgram.m */; };
		263C88EB1AA98CE9005A2623 /* CEObject.m in Sources */ = {isa = PBXBuildFile; fileRef = 263C88EA1AA98CE9005A2623 /* CEObject.m */; };
		263C88EF1AA99151005A2623 /* CEViewController.m in Sources */ = {isa = PBXBuildFile; fileRef = 263C88EE1AA99151005A2623 /* CEViewController.m */; };
		263C88F11AA99B0A005A2623 /* CEViewController.h in CopyFiles */ = {isa = PBXBuildFile; fileRef = 263C88ED1AA99151005A2623 /* CEViewController.h */; };
/* End PBXBuildFile section */

/* Begin PBXCopyFilesBuildPhase section */
		26193F461AA8324600787C64 /* CopyFiles */ = {
			isa = PBXCopyFilesBuildPhase;
			buildActionMask = 2147483647;
			dstPath = "$(PRODUCT_NAME)";
			dstSubfolderSpec = 16;
			files = (
				26193F4C1AA8324600787C64 /* CubeEngine.h in CopyFiles */,
				263C88F11AA99B0A005A2623 /* CEViewController.h in CopyFiles */,
			);
			runOnlyForDeploymentPostprocessing = 0;
		};
/* End PBXCopyFilesBuildPhase section */

/* Begin PBXFileReference section */
		26193F481AA8324600787C64 /* libCubeEngine.a */ = {isa = PBXFileReference; explicitFileType = archive.ar; includeInIndex = 0; path = libCubeEngine.a; sourceTree = BUILT_PRODUCTS_DIR; };
		26193F4B1AA8324600787C64 /* CubeEngine.h */ = {isa = PBXFileReference; lastKnownFileType = sourcecode.c.h; path = CubeEngine.h; sourceTree = "<group>"; };
		26193F4D1AA8324600787C64 /* CubeEngine.m */ = {isa = PBXFileReference; lastKnownFileType = sourcecode.c.objc; path = CubeEngine.m; sourceTree = "<group>"; };
		26193F631AA8327A00787C64 /* CubeEngine-Prefix.pch */ = {isa = PBXFileReference; lastKnownFileType = sourcecode.c.h; path = "CubeEngine-Prefix.pch"; sourceTree = "<group>"; };
		26193F641AA832E400787C64 /* UIKit.framework */ = {isa = PBXFileReference; lastKnownFileType = wrapper.framework; name = UIKit.framework; path = System/Library/Frameworks/UIKit.framework; sourceTree = SDKROOT; };
		26193F661AA832E700787C64 /* GLKit.framework */ = {isa = PBXFileReference; lastKnownFileType = wrapper.framework; name = GLKit.framework; path = System/Library/Frameworks/GLKit.framework; sourceTree = SDKROOT; };
		26193F681AA832EB00787C64 /* QuartzCore.framework */ = {isa = PBXFileReference; lastKnownFileType = wrapper.framework; name = QuartzCore.framework; path = System/Library/Frameworks/QuartzCore.framework; sourceTree = SDKROOT; };
		26193F6A1AA832F000787C64 /* CoreGraphics.framework */ = {isa = PBXFileReference; lastKnownFileType = wrapper.framework; name = CoreGraphics.framework; path = System/Library/Frameworks/CoreGraphics.framework; sourceTree = SDKROOT; };
		26193F6C1AA832F800787C64 /* Foundation.framework */ = {isa = PBXFileReference; lastKnownFileType = wrapper.framework; name = Foundation.framework; path = System/Library/Frameworks/Foundation.framework; sourceTree = SDKROOT; };
		26193FB71AA8574000787C64 /* CERenderer.h */ = {isa = PBXFileReference; fileEncoding = 4; lastKnownFileType = sourcecode.c.h; path = CERenderer.h; sourceTree = "<group>"; };
		26193FB81AA8574000787C64 /* CERenderer.m */ = {isa = PBXFileReference; fileEncoding = 4; lastKnownFileType = sourcecode.c.objc; path = CERenderer.m; sourceTree = "<group>"; };
		26193FBD1AA85F3F00787C64 /* CEProgram.h */ = {isa = PBXFileReference; fileEncoding = 4; lastKnownFileType = sourcecode.c.h; path = CEProgram.h; sourceTree = "<group>"; };
		26193FBE1AA85F3F00787C64 /* CEProgram.m */ = {isa = PBXFileReference; fileEncoding = 4; lastKnownFileType = sourcecode.c.objc; path = CEProgram.m; sourceTree = "<group>"; };
		263C88E91AA98CE9005A2623 /* CEObject.h */ = {isa = PBXFileReference; fileEncoding = 4; lastKnownFileType = sourcecode.c.h; path = CEObject.h; sourceTree = "<group>"; };
		263C88EA1AA98CE9005A2623 /* CEObject.m */ = {isa = PBXFileReference; fileEncoding = 4; lastKnownFileType = sourcecode.c.objc; path = CEObject.m; sourceTree = "<group>"; };
		263C88EC1AA98DEB005A2623 /* CEDefines.h */ = {isa = PBXFileReference; lastKnownFileType = sourcecode.c.h; path = CEDefines.h; sourceTree = "<group>"; };
		263C88ED1AA99151005A2623 /* CEViewController.h */ = {isa = PBXFileReference; fileEncoding = 4; lastKnownFileType = sourcecode.c.h; path = CEViewController.h; sourceTree = "<group>"; };
		263C88EE1AA99151005A2623 /* CEViewController.m */ = {isa = PBXFileReference; fileEncoding = 4; lastKnownFileType = sourcecode.c.objc; path = CEViewController.m; sourceTree = "<group>"; };
/* End PBXFileReference section */

/* Begin PBXFrameworksBuildPhase section */
		26193F451AA8324600787C64 /* Frameworks */ = {
			isa = PBXFrameworksBuildPhase;
			buildActionMask = 2147483647;
			files = (
				26193F6D1AA832F800787C64 /* Foundation.framework in Frameworks */,
				26193F6B1AA832F000787C64 /* CoreGraphics.framework in Frameworks */,
				26193F691AA832EB00787C64 /* QuartzCore.framework in Frameworks */,
				26193F671AA832E700787C64 /* GLKit.framework in Frameworks */,
				26193F651AA832E400787C64 /* UIKit.framework in Frameworks */,
			);
			runOnlyForDeploymentPostprocessing = 0;
		};
/* End PBXFrameworksBuildPhase section */

/* Begin PBXGroup section */
		26193F3F1AA8324600787C64 = {
			isa = PBXGroup;
			children = (
				26193F4A1AA8324600787C64 /* CubeEngine */,
				26193F621AA8326900787C64 /* Frameworks */,
				26193F491AA8324600787C64 /* Products */,
			);
			sourceTree = "<group>";
		};
		26193F491AA8324600787C64 /* Products */ = {
			isa = PBXGroup;
			children = (
				26193F481AA8324600787C64 /* libCubeEngine.a */,
			);
			name = Products;
			sourceTree = "<group>";
		};
		26193F4A1AA8324600787C64 /* CubeEngine */ = {
			isa = PBXGroup;
			children = (
				263C88E91AA98CE9005A2623 /* CEObject.h */,
				263C88EA1AA98CE9005A2623 /* CEObject.m */,
				26193FBD1AA85F3F00787C64 /* CEProgram.h */,
				26193FBE1AA85F3F00787C64 /* CEProgram.m */,
				26193F4B1AA8324600787C64 /* CubeEngine.h */,
				26193F4D1AA8324600787C64 /* CubeEngine.m */,
				26193FB71AA8574000787C64 /* CERenderer.h */,
				26193FB81AA8574000787C64 /* CERenderer.m */,
				263C88EC1AA98DEB005A2623 /* CEDefines.h */,
				263C88ED1AA99151005A2623 /* CEViewController.h */,
				263C88EE1AA99151005A2623 /* CEViewController.m */,
				26193F631AA8327A00787C64 /* CubeEngine-Prefix.pch */,
			);
			path = CubeEngine;
			sourceTree = "<group>";
		};
		26193F621AA8326900787C64 /* Frameworks */ = {
			isa = PBXGroup;
			children = (
				26193F6C1AA832F800787C64 /* Foundation.framework */,
				26193F6A1AA832F000787C64 /* CoreGraphics.framework */,
				26193F681AA832EB00787C64 /* QuartzCore.framework */,
				26193F661AA832E700787C64 /* GLKit.framework */,
				26193F641AA832E400787C64 /* UIKit.framework */,
			);
			name = Frameworks;
			sourceTree = "<group>";
		};
/* End PBXGroup section */

/* Begin PBXNativeTarget section */
		26193F471AA8324600787C64 /* CubeEngine */ = {
			isa = PBXNativeTarget;
			buildConfigurationList = 26193F5C1AA8324600787C64 /* Build configuration list for PBXNativeTarget "CubeEngine" */;
			buildPhases = (
				26193F441AA8324600787C64 /* Sources */,
				26193F451AA8324600787C64 /* Frameworks */,
				26193F461AA8324600787C64 /* CopyFiles */,
			);
			buildRules = (
			);
			dependencies = (
			);
			name = CubeEngine;
			productName = CubeEngine;
			productReference = 26193F481AA8324600787C64 /* libCubeEngine.a */;
			productType = "com.apple.product-type.library.static";
		};
/* End PBXNativeTarget section */

/* Begin PBXProject section */
		26193F401AA8324600787C64 /* Project object */ = {
			isa = PBXProject;
			attributes = {
				LastUpgradeCheck = 0610;
				ORGANIZATIONNAME = ByChance;
				TargetAttributes = {
					26193F471AA8324600787C64 = {
						CreatedOnToolsVersion = 6.1;
					};
				};
			};
			buildConfigurationList = 26193F431AA8324600787C64 /* Build configuration list for PBXProject "CubeEngine" */;
			compatibilityVersion = "Xcode 3.2";
			developmentRegion = English;
			hasScannedForEncodings = 0;
			knownRegions = (
				en,
			);
			mainGroup = 26193F3F1AA8324600787C64;
			productRefGroup = 26193F491AA8324600787C64 /* Products */;
			projectDirPath = "";
			projectRoot = "";
			targets = (
				26193F471AA8324600787C64 /* CubeEngine */,
			);
		};
/* End PBXProject section */

/* Begin PBXSourcesBuildPhase section */
		26193F441AA8324600787C64 /* Sources */ = {
			isa = PBXSourcesBuildPhase;
			buildActionMask = 2147483647;
			files = (
				263C88EF1AA99151005A2623 /* CEViewController.m in Sources */,
				263C88EB1AA98CE9005A2623 /* CEObject.m in Sources */,
				26193FB91AA8574000787C64 /* CERenderer.m in Sources */,
				26193F4E1AA8324600787C64 /* CubeEngine.m in Sources */,
				26193FBF1AA85F3F00787C64 /* CEProgram.m in Sources */,
			);
			runOnlyForDeploymentPostprocessing = 0;
		};
/* End PBXSourcesBuildPhase section */

/* Begin XCBuildConfiguration section */
		26193F5A1AA8324600787C64 /* Debug */ = {
			isa = XCBuildConfiguration;
			buildSettings = {
				ALWAYS_SEARCH_USER_PATHS = NO;
				CLANG_CXX_LANGUAGE_STANDARD = "gnu++0x";
				CLANG_CXX_LIBRARY = "libc++";
				CLANG_ENABLE_MODULES = YES;
				CLANG_ENABLE_OBJC_ARC = YES;
				CLANG_WARN_BOOL_CONVERSION = YES;
				CLANG_WARN_CONSTANT_CONVERSION = YES;
				CLANG_WARN_DIRECT_OBJC_ISA_USAGE = YES_ERROR;
				CLANG_WARN_EMPTY_BODY = YES;
				CLANG_WARN_ENUM_CONVERSION = YES;
				CLANG_WARN_INT_CONVERSION = YES;
				CLANG_WARN_OBJC_ROOT_CLASS = YES_ERROR;
				CLANG_WARN_UNREACHABLE_CODE = YES;
				CLANG_WARN__DUPLICATE_METHOD_MATCH = YES;
				COPY_PHASE_STRIP = NO;
				ENABLE_STRICT_OBJC_MSGSEND = YES;
				GCC_C_LANGUAGE_STANDARD = gnu99;
				GCC_DYNAMIC_NO_PIC = NO;
				GCC_OPTIMIZATION_LEVEL = 0;
				GCC_PREPROCESSOR_DEFINITIONS = (
					"DEBUG=1",
					"$(inherited)",
				);
				GCC_SYMBOLS_PRIVATE_EXTERN = NO;
				GCC_WARN_64_TO_32_BIT_CONVERSION = YES;
				GCC_WARN_ABOUT_RETURN_TYPE = YES_ERROR;
				GCC_WARN_UNDECLARED_SELECTOR = YES;
				GCC_WARN_UNINITIALIZED_AUTOS = YES_AGGRESSIVE;
				GCC_WARN_UNUSED_FUNCTION = YES;
				GCC_WARN_UNUSED_VARIABLE = YES;
				IPHONEOS_DEPLOYMENT_TARGET = 8.1;
				MTL_ENABLE_DEBUG_INFO = YES;
				ONLY_ACTIVE_ARCH = YES;
				SDKROOT = iphoneos;
			};
			name = Debug;
		};
		26193F5B1AA8324600787C64 /* Release */ = {
			isa = XCBuildConfiguration;
			buildSettings = {
				ALWAYS_SEARCH_USER_PATHS = NO;
				CLANG_CXX_LANGUAGE_STANDARD = "gnu++0x";
				CLANG_CXX_LIBRARY = "libc++";
				CLANG_ENABLE_MODULES = YES;
				CLANG_ENABLE_OBJC_ARC = YES;
				CLANG_WARN_BOOL_CONVERSION = YES;
				CLANG_WARN_CONSTANT_CONVERSION = YES;
				CLANG_WARN_DIRECT_OBJC_ISA_USAGE = YES_ERROR;
				CLANG_WARN_EMPTY_BODY = YES;
				CLANG_WARN_ENUM_CONVERSION = YES;
				CLANG_WARN_INT_CONVERSION = YES;
				CLANG_WARN_OBJC_ROOT_CLASS = YES_ERROR;
				CLANG_WARN_UNREACHABLE_CODE = YES;
				CLANG_WARN__DUPLICATE_METHOD_MATCH = YES;
				COPY_PHASE_STRIP = YES;
				ENABLE_NS_ASSERTIONS = NO;
				ENABLE_STRICT_OBJC_MSGSEND = YES;
				GCC_C_LANGUAGE_STANDARD = gnu99;
				GCC_WARN_64_TO_32_BIT_CONVERSION = YES;
				GCC_WARN_ABOUT_RETURN_TYPE = YES_ERROR;
				GCC_WARN_UNDECLARED_SELECTOR = YES;
				GCC_WARN_UNINITIALIZED_AUTOS = YES_AGGRESSIVE;
				GCC_WARN_UNUSED_FUNCTION = YES;
				GCC_WARN_UNUSED_VARIABLE = YES;
				IPHONEOS_DEPLOYMENT_TARGET = 8.1;
				MTL_ENABLE_DEBUG_INFO = NO;
				SDKROOT = iphoneos;
				VALIDATE_PRODUCT = YES;
			};
			name = Release;
		};
		26193F5D1AA8324600787C64 /* Debug */ = {
			isa = XCBuildConfiguration;
			buildSettings = {
				GCC_PREFIX_HEADER = "CubeEngine/CubeEngine-Prefix.pch";
				HEADER_SEARCH_PATHS = (
					"$(inherited)",
					/Applications/Xcode.app/Contents/Developer/Toolchains/XcodeDefault.xctoolchain/usr/include,
				);
				IPHONEOS_DEPLOYMENT_TARGET = 6.0;
				OTHER_LDFLAGS = "-ObjC";
				PRODUCT_NAME = "$(TARGET_NAME)";
				SKIP_INSTALL = YES;
			};
			name = Debug;
		};
		26193F5E1AA8324600787C64 /* Release */ = {
			isa = XCBuildConfiguration;
			buildSettings = {
				GCC_PREFIX_HEADER = "CubeEngine/CubeEngine-Prefix.pch";
				HEADER_SEARCH_PATHS = (
					"$(inherited)",
					/Applications/Xcode.app/Contents/Developer/Toolchains/XcodeDefault.xctoolchain/usr/include,
				);
				IPHONEOS_DEPLOYMENT_TARGET = 6.0;
				OTHER_LDFLAGS = "-ObjC";
				PRODUCT_NAME = "$(TARGET_NAME)";
				SKIP_INSTALL = YES;
			};
			name = Release;
		};
/* End XCBuildConfiguration section */

/* Begin XCConfigurationList section */
		26193F431AA8324600787C64 /* Build configuration list for PBXProject "CubeEngine" */ = {
			isa = XCConfigurationList;
			buildConfigurations = (
				26193F5A1AA8324600787C64 /* Debug */,
				26193F5B1AA8324600787C64 /* Release */,
			);
			defaultConfigurationIsVisible = 0;
			defaultConfigurationName = Release;
		};
		26193F5C1AA8324600787C64 /* Build configuration list for PBXNativeTarget "CubeEngine" */ = {
			isa = XCConfigurationList;
			buildConfigurations = (
				26193F5D1AA8324600787C64 /* Debug */,
				26193F5E1AA8324600787C64 /* Release */,
			);
			defaultConfigurationIsVisible = 0;
			defaultConfigurationName = Release;
		};
/* End XCConfigurationList section */
	};
	rootObject = 26193F401AA8324600787C64 /* Project object */;
}
