// !$*UTF8*$!
{
	archiveVersion = 1;
	classes = {
	};
	objectVersion = 46;
	objects = {

/* Begin PBXBuildFile section */
		261089661AAD31AF0041E142 /* CEScene.m in Sources */ = {isa = PBXBuildFile; fileRef = 261089651AAD31AF0041E142 /* CEScene.m */; };
		261089691AAD31C60041E142 /* CECamera.m in Sources */ = {isa = PBXBuildFile; fileRef = 261089681AAD31C60041E142 /* CECamera.m */; };
		26193F4C1AA8324600787C64 /* CubeEngine.h in CopyFiles */ = {isa = PBXBuildFile; fileRef = 26193F4B1AA8324600787C64 /* CubeEngine.h */; };
		26193F4E1AA8324600787C64 /* CubeEngine.m in Sources */ = {isa = PBXBuildFile; fileRef = 26193F4D1AA8324600787C64 /* CubeEngine.m */; };
		26193F651AA832E400787C64 /* UIKit.framework in Frameworks */ = {isa = PBXBuildFile; fileRef = 26193F641AA832E400787C64 /* UIKit.framework */; };
		26193F671AA832E700787C64 /* GLKit.framework in Frameworks */ = {isa = PBXBuildFile; fileRef = 26193F661AA832E700787C64 /* GLKit.framework */; };
		26193F691AA832EB00787C64 /* QuartzCore.framework in Frameworks */ = {isa = PBXBuildFile; fileRef = 26193F681AA832EB00787C64 /* QuartzCore.framework */; };
		26193F6B1AA832F000787C64 /* CoreGraphics.framework in Frameworks */ = {isa = PBXBuildFile; fileRef = 26193F6A1AA832F000787C64 /* CoreGraphics.framework */; };
		26193F6D1AA832F800787C64 /* Foundation.framework in Frameworks */ = {isa = PBXBuildFile; fileRef = 26193F6C1AA832F800787C64 /* Foundation.framework */; };
		26193FBF1AA85F3F00787C64 /* CEProgram.m in Sources */ = {isa = PBXBuildFile; fileRef = 26193FBE1AA85F3F00787C64 /* CEProgram.m */; };
		2624AB981AD6286E00FC863C /* CERenderer.m in Sources */ = {isa = PBXBuildFile; fileRef = 2624AB971AD6286E00FC863C /* CERenderer.m */; };
		2624AB9E1AD62BAE00FC863C /* CETexture.m in Sources */ = {isa = PBXBuildFile; fileRef = 2624AB9D1AD62BAE00FC863C /* CETexture.m */; };
		2624ABA11AD62BC800FC863C /* CEMeterial.m in Sources */ = {isa = PBXBuildFile; fileRef = 2624ABA01AD62BC800FC863C /* CEMeterial.m */; };
		2624ABA91AD6A56A00FC863C /* CEModel.m in Sources */ = {isa = PBXBuildFile; fileRef = 2624ABA81AD6A56A00FC863C /* CEModel.m */; };
		2624ABAC1AD6A85500FC863C /* CERenderManager.m in Sources */ = {isa = PBXBuildFile; fileRef = 2624ABAB1AD6A85500FC863C /* CERenderManager.m */; };
		2624ABAF1AD6ABC800FC863C /* CERenderer_V.m in Sources */ = {isa = PBXBuildFile; fileRef = 2624ABAE1AD6ABC800FC863C /* CERenderer_V.m */; };
		2624ABB11AD6B0BB00FC863C /* CEModel.h in CopyFiles */ = {isa = PBXBuildFile; fileRef = 2624ABA71AD6A56A00FC863C /* CEModel.h */; };
		2624ABB31AD6B0BC00FC863C /* CETexture.h in CopyFiles */ = {isa = PBXBuildFile; fileRef = 2624AB9C1AD62BAE00FC863C /* CETexture.h */; };
		2624ABB41AD6B0BC00FC863C /* CEMeterial.h in CopyFiles */ = {isa = PBXBuildFile; fileRef = 2624AB9F1AD62BC800FC863C /* CEMeterial.h */; };
		2625B8C01AE7D340002FD478 /* CEDirectionalLight.m in Sources */ = {isa = PBXBuildFile; fileRef = 2625B8BF1AE7D340002FD478 /* CEDirectionalLight.m */; };
		263BBBE11AB91A3600F88F65 /* CEUtils.m in Sources */ = {isa = PBXBuildFile; fileRef = 263BBBE01AB91A3600F88F65 /* CEUtils.m */; };
		263C88EF1AA99151005A2623 /* CEViewController.m in Sources */ = {isa = PBXBuildFile; fileRef = 263C88EE1AA99151005A2623 /* CEViewController.m */; };
		263C88F11AA99B0A005A2623 /* CEViewController.h in CopyFiles */ = {isa = PBXBuildFile; fileRef = 263C88ED1AA99151005A2623 /* CEViewController.h */; };
		263C8E5E1AE5F546004FDFE8 /* CELight.m in Sources */ = {isa = PBXBuildFile; fileRef = 263C8E5D1AE5F546004FDFE8 /* CELight.m */; };
		263C8E611AE5FCCD004FDFE8 /* CERenderer_DirectionalLight.m in Sources */ = {isa = PBXBuildFile; fileRef = 263C8E601AE5FCCD004FDFE8 /* CERenderer_DirectionalLight.m */; };
		263C8E671AE62F8E004FDFE8 /* CERenderer_PointLight.m in Sources */ = {isa = PBXBuildFile; fileRef = 263C8E661AE62F8E004FDFE8 /* CERenderer_PointLight.m */; };
		2658786B1AD7C99100BA2137 /* CEWireframeRenderer.m in Sources */ = {isa = PBXBuildFile; fileRef = 2658786A1AD7C99100BA2137 /* CEWireframeRenderer.m */; };
		265ACD591AB2D406000277F2 /* CEObject.m in Sources */ = {isa = PBXBuildFile; fileRef = 265ACD581AB2D406000277F2 /* CEObject.m */; };
		266E59C21ADBAA0A00F00C90 /* CEObjFileLoader.h in CopyFiles */ = {isa = PBXBuildFile; fileRef = 26A4E1271ACD734900847553 /* CEObjFileLoader.h */; };
		267C42B01AB2E9280011CDC0 /* CEObject.h in CopyFiles */ = {isa = PBXBuildFile; fileRef = 265ACD571AB2D406000277F2 /* CEObject.h */; };
		268CBC5B1ADCB72C00795A6D /* CEIndicesBuffer.m in Sources */ = {isa = PBXBuildFile; fileRef = 268CBC5A1ADCB72C00795A6D /* CEIndicesBuffer.m */; };
		2690E8511AEA23C6000BDD8F /* CERenderer_PointLight.h in CopyFiles */ = {isa = PBXBuildFile; fileRef = 263C8E651AE62F8E004FDFE8 /* CERenderer_PointLight.h */; };
		2690E8541AEA2F8E000BDD8F /* CEPointLight.m in Sources */ = {isa = PBXBuildFile; fileRef = 2690E8531AEA2F8E000BDD8F /* CEPointLight.m */; };
		2690E8551AEA3AC9000BDD8F /* CEPointLight.h in CopyFiles */ = {isa = PBXBuildFile; fileRef = 2690E8521AEA2F8E000BDD8F /* CEPointLight.h */; };
		269762691AE0AF52005E95DA /* CERenderer_Dev.m in Sources */ = {isa = PBXBuildFile; fileRef = 269762681AE0AF52005E95DA /* CERenderer_Dev.m */; };
		269762741AE0E737005E95DA /* CERenderer_Dev.h in CopyFiles */ = {isa = PBXBuildFile; fileRef = 269762671AE0AF52005E95DA /* CERenderer_Dev.h */; };
		269762751AE0E7D0005E95DA /* CERenderer.h in CopyFiles */ = {isa = PBXBuildFile; fileRef = 2624AB961AD6286E00FC863C /* CERenderer.h */; };
		26A4E1291ACD734900847553 /* CEObjFileLoader.m in Sources */ = {isa = PBXBuildFile; fileRef = 26A4E1281ACD734900847553 /* CEObjFileLoader.m */; };
		26C3B72A1AE88FE20061BEFC /* CEDebugRenderManager.m in Sources */ = {isa = PBXBuildFile; fileRef = 26C3B7291AE88FE20061BEFC /* CEDebugRenderManager.m */; };
		26C3B72B1AE893F10061BEFC /* CELight.h in CopyFiles */ = {isa = PBXBuildFile; fileRef = 263C8E5C1AE5F546004FDFE8 /* CELight.h */; };
		26C3B72C1AE893F40061BEFC /* CEDirectionalLight.h in CopyFiles */ = {isa = PBXBuildFile; fileRef = 2625B8BE1AE7D340002FD478 /* CEDirectionalLight.h */; };
		26C3B72F1AE8CE090061BEFC /* CEBaseRenderer.m in Sources */ = {isa = PBXBuildFile; fileRef = 26C3B72E1AE8CE090061BEFC /* CEBaseRenderer.m */; };
		26C3B7321AE8F09F0061BEFC /* CELightUniformInfo.m in Sources */ = {isa = PBXBuildFile; fileRef = 26C3B7311AE8F09F0061BEFC /* CELightUniformInfo.m */; };
		26EBAB711AAECAA100E65022 /* CEScene.h in CopyFiles */ = {isa = PBXBuildFile; fileRef = 261089641AAD31AF0041E142 /* CEScene.h */; };
		26EBAB731AAECAA700E65022 /* CECamera.h in CopyFiles */ = {isa = PBXBuildFile; fileRef = 261089671AAD31C60041E142 /* CECamera.h */; };
		26F7B75A1AEE31C400BEDB01 /* CESpotLight.m in Sources */ = {isa = PBXBuildFile; fileRef = 26F7B7591AEE31C400BEDB01 /* CESpotLight.m */; };
		26F7B75B1AEE6AD900BEDB01 /* CESpotLight.h in CopyFiles */ = {isa = PBXBuildFile; fileRef = 26F7B7581AEE31C400BEDB01 /* CESpotLight.h */; };
		26F7FF8C1ADE3C3B0086D9D7 /* CERenderer_V_VN.m in Sources */ = {isa = PBXBuildFile; fileRef = 26F7FF8B1ADE3C3B0086D9D7 /* CERenderer_V_VN.m */; };
		26F7FF8F1ADE45660086D9D7 /* CEAssistRenderer.m in Sources */ = {isa = PBXBuildFile; fileRef = 26F7FF8E1ADE45660086D9D7 /* CEAssistRenderer.m */; };
		4C43A4301ADC37C600761CA9 /* CEVertexBuffer.m in Sources */ = {isa = PBXBuildFile; fileRef = 4C43A42F1ADC37C600761CA9 /* CEVertexBuffer.m */; };
		4C43A4331ADC380A00761CA9 /* CEVBOAttribute.m in Sources */ = {isa = PBXBuildFile; fileRef = 4C43A4321ADC380A00761CA9 /* CEVBOAttribute.m */; };
/* End PBXBuildFile section */

/* Begin PBXCopyFilesBuildPhase section */
		26193F461AA8324600787C64 /* CopyFiles */ = {
			isa = PBXCopyFilesBuildPhase;
			buildActionMask = 2147483647;
			dstPath = "$(PRODUCT_NAME)";
			dstSubfolderSpec = 16;
			files = (
				2690E8511AEA23C6000BDD8F /* CERenderer_PointLight.h in CopyFiles */,
				269762751AE0E7D0005E95DA /* CERenderer.h in CopyFiles */,
				269762741AE0E737005E95DA /* CERenderer_Dev.h in CopyFiles */,
				266E59C21ADBAA0A00F00C90 /* CEObjFileLoader.h in CopyFiles */,
				2624ABB11AD6B0BB00FC863C /* CEModel.h in CopyFiles */,
				2624ABB31AD6B0BC00FC863C /* CETexture.h in CopyFiles */,
				2624ABB41AD6B0BC00FC863C /* CEMeterial.h in CopyFiles */,
				267C42B01AB2E9280011CDC0 /* CEObject.h in CopyFiles */,
				26EBAB731AAECAA700E65022 /* CECamera.h in CopyFiles */,
				26EBAB711AAECAA100E65022 /* CEScene.h in CopyFiles */,
				26193F4C1AA8324600787C64 /* CubeEngine.h in CopyFiles */,
				263C88F11AA99B0A005A2623 /* CEViewController.h in CopyFiles */,
				26C3B72B1AE893F10061BEFC /* CELight.h in CopyFiles */,
				26C3B72C1AE893F40061BEFC /* CEDirectionalLight.h in CopyFiles */,
				26F7B75B1AEE6AD900BEDB01 /* CESpotLight.h in CopyFiles */,
				2690E8551AEA3AC9000BDD8F /* CEPointLight.h in CopyFiles */,
			);
			runOnlyForDeploymentPostprocessing = 0;
		};
/* End PBXCopyFilesBuildPhase section */

/* Begin PBXFileReference section */
		261089641AAD31AF0041E142 /* CEScene.h */ = {isa = PBXFileReference; fileEncoding = 4; lastKnownFileType = sourcecode.c.h; path = CEScene.h; sourceTree = "<group>"; };
		261089651AAD31AF0041E142 /* CEScene.m */ = {isa = PBXFileReference; fileEncoding = 4; lastKnownFileType = sourcecode.c.objc; path = CEScene.m; sourceTree = "<group>"; };
		261089671AAD31C60041E142 /* CECamera.h */ = {isa = PBXFileReference; fileEncoding = 4; lastKnownFileType = sourcecode.c.h; path = CECamera.h; sourceTree = "<group>"; };
		261089681AAD31C60041E142 /* CECamera.m */ = {isa = PBXFileReference; fileEncoding = 4; lastKnownFileType = sourcecode.c.objc; path = CECamera.m; sourceTree = "<group>"; };
		2610896E1AAD3D700041E142 /* CECamera_Rendering.h */ = {isa = PBXFileReference; fileEncoding = 4; lastKnownFileType = sourcecode.c.h; path = CECamera_Rendering.h; sourceTree = "<group>"; };
		26193F481AA8324600787C64 /* libCubeEngine.a */ = {isa = PBXFileReference; explicitFileType = archive.ar; includeInIndex = 0; path = libCubeEngine.a; sourceTree = BUILT_PRODUCTS_DIR; };
		26193F4B1AA8324600787C64 /* CubeEngine.h */ = {isa = PBXFileReference; lastKnownFileType = sourcecode.c.h; path = CubeEngine.h; sourceTree = "<group>"; };
		26193F4D1AA8324600787C64 /* CubeEngine.m */ = {isa = PBXFileReference; lastKnownFileType = sourcecode.c.objc; path = CubeEngine.m; sourceTree = "<group>"; };
		26193F631AA8327A00787C64 /* CubeEngine-Prefix.pch */ = {isa = PBXFileReference; lastKnownFileType = sourcecode.c.h; path = "CubeEngine-Prefix.pch"; sourceTree = "<group>"; };
		26193F641AA832E400787C64 /* UIKit.framework */ = {isa = PBXFileReference; lastKnownFileType = wrapper.framework; name = UIKit.framework; path = System/Library/Frameworks/UIKit.framework; sourceTree = SDKROOT; };
		26193F661AA832E700787C64 /* GLKit.framework */ = {isa = PBXFileReference; lastKnownFileType = wrapper.framework; name = GLKit.framework; path = System/Library/Frameworks/GLKit.framework; sourceTree = SDKROOT; };
		26193F681AA832EB00787C64 /* QuartzCore.framework */ = {isa = PBXFileReference; lastKnownFileType = wrapper.framework; name = QuartzCore.framework; path = System/Library/Frameworks/QuartzCore.framework; sourceTree = SDKROOT; };
		26193F6A1AA832F000787C64 /* CoreGraphics.framework */ = {isa = PBXFileReference; lastKnownFileType = wrapper.framework; name = CoreGraphics.framework; path = System/Library/Frameworks/CoreGraphics.framework; sourceTree = SDKROOT; };
		26193F6C1AA832F800787C64 /* Foundation.framework */ = {isa = PBXFileReference; lastKnownFileType = wrapper.framework; name = Foundation.framework; path = System/Library/Frameworks/Foundation.framework; sourceTree = SDKROOT; };
		26193FBD1AA85F3F00787C64 /* CEProgram.h */ = {isa = PBXFileReference; fileEncoding = 4; lastKnownFileType = sourcecode.c.h; path = CEProgram.h; sourceTree = "<group>"; };
		26193FBE1AA85F3F00787C64 /* CEProgram.m */ = {isa = PBXFileReference; fileEncoding = 4; lastKnownFileType = sourcecode.c.objc; path = CEProgram.m; sourceTree = "<group>"; };
		2624AB961AD6286E00FC863C /* CERenderer.h */ = {isa = PBXFileReference; fileEncoding = 4; lastKnownFileType = sourcecode.c.h; path = CERenderer.h; sourceTree = "<group>"; };
		2624AB971AD6286E00FC863C /* CERenderer.m */ = {isa = PBXFileReference; fileEncoding = 4; lastKnownFileType = sourcecode.c.objc; path = CERenderer.m; sourceTree = "<group>"; };
		2624AB9C1AD62BAE00FC863C /* CETexture.h */ = {isa = PBXFileReference; fileEncoding = 4; lastKnownFileType = sourcecode.c.h; path = CETexture.h; sourceTree = "<group>"; };
		2624AB9D1AD62BAE00FC863C /* CETexture.m */ = {isa = PBXFileReference; fileEncoding = 4; lastKnownFileType = sourcecode.c.objc; path = CETexture.m; sourceTree = "<group>"; };
		2624AB9F1AD62BC800FC863C /* CEMeterial.h */ = {isa = PBXFileReference; fileEncoding = 4; lastKnownFileType = sourcecode.c.h; path = CEMeterial.h; sourceTree = "<group>"; };
		2624ABA01AD62BC800FC863C /* CEMeterial.m */ = {isa = PBXFileReference; fileEncoding = 4; lastKnownFileType = sourcecode.c.objc; path = CEMeterial.m; sourceTree = "<group>"; };
		2624ABA71AD6A56A00FC863C /* CEModel.h */ = {isa = PBXFileReference; fileEncoding = 4; lastKnownFileType = sourcecode.c.h; path = CEModel.h; sourceTree = "<group>"; };
		2624ABA81AD6A56A00FC863C /* CEModel.m */ = {isa = PBXFileReference; fileEncoding = 4; lastKnownFileType = sourcecode.c.objc; path = CEModel.m; sourceTree = "<group>"; };
		2624ABAA1AD6A85500FC863C /* CERenderManager.h */ = {isa = PBXFileReference; fileEncoding = 4; lastKnownFileType = sourcecode.c.h; path = CERenderManager.h; sourceTree = "<group>"; };
		2624ABAB1AD6A85500FC863C /* CERenderManager.m */ = {isa = PBXFileReference; fileEncoding = 4; lastKnownFileType = sourcecode.c.objc; path = CERenderManager.m; sourceTree = "<group>"; };
		2624ABAD1AD6ABC800FC863C /* CERenderer_V.h */ = {isa = PBXFileReference; fileEncoding = 4; lastKnownFileType = sourcecode.c.h; path = CERenderer_V.h; sourceTree = "<group>"; };
		2624ABAE1AD6ABC800FC863C /* CERenderer_V.m */ = {isa = PBXFileReference; fileEncoding = 4; lastKnownFileType = sourcecode.c.objc; path = CERenderer_V.m; sourceTree = "<group>"; };
		2625B8BD1AE7D18A002FD478 /* CELight_Rendering.h */ = {isa = PBXFileReference; fileEncoding = 4; lastKnownFileType = sourcecode.c.h; path = CELight_Rendering.h; sourceTree = "<group>"; };
		2625B8BE1AE7D340002FD478 /* CEDirectionalLight.h */ = {isa = PBXFileReference; fileEncoding = 4; lastKnownFileType = sourcecode.c.h; path = CEDirectionalLight.h; sourceTree = "<group>"; };
		2625B8BF1AE7D340002FD478 /* CEDirectionalLight.m */ = {isa = PBXFileReference; fileEncoding = 4; lastKnownFileType = sourcecode.c.objc; path = CEDirectionalLight.m; sourceTree = "<group>"; };
		263BBBDF1AB91A3600F88F65 /* CEUtils.h */ = {isa = PBXFileReference; fileEncoding = 4; lastKnownFileType = sourcecode.c.h; path = CEUtils.h; sourceTree = "<group>"; };
		263BBBE01AB91A3600F88F65 /* CEUtils.m */ = {isa = PBXFileReference; fileEncoding = 4; lastKnownFileType = sourcecode.c.objc; path = CEUtils.m; sourceTree = "<group>"; };
		263C88EC1AA98DEB005A2623 /* CEDefines.h */ = {isa = PBXFileReference; lastKnownFileType = sourcecode.c.h; path = CEDefines.h; sourceTree = "<group>"; };
		263C88ED1AA99151005A2623 /* CEViewController.h */ = {isa = PBXFileReference; fileEncoding = 4; lastKnownFileType = sourcecode.c.h; path = CEViewController.h; sourceTree = "<group>"; };
		263C88EE1AA99151005A2623 /* CEViewController.m */ = {isa = PBXFileReference; fileEncoding = 4; lastKnownFileType = sourcecode.c.objc; path = CEViewController.m; sourceTree = "<group>"; };
		263C8E5C1AE5F546004FDFE8 /* CELight.h */ = {isa = PBXFileReference; fileEncoding = 4; lastKnownFileType = sourcecode.c.h; path = CELight.h; sourceTree = "<group>"; };
		263C8E5D1AE5F546004FDFE8 /* CELight.m */ = {isa = PBXFileReference; fileEncoding = 4; lastKnownFileType = sourcecode.c.objc; path = CELight.m; sourceTree = "<group>"; };
		263C8E5F1AE5FCCD004FDFE8 /* CERenderer_DirectionalLight.h */ = {isa = PBXFileReference; fileEncoding = 4; lastKnownFileType = sourcecode.c.h; path = CERenderer_DirectionalLight.h; sourceTree = "<group>"; };
		263C8E601AE5FCCD004FDFE8 /* CERenderer_DirectionalLight.m */ = {isa = PBXFileReference; fileEncoding = 4; lastKnownFileType = sourcecode.c.objc; path = CERenderer_DirectionalLight.m; sourceTree = "<group>"; };
		263C8E651AE62F8E004FDFE8 /* CERenderer_PointLight.h */ = {isa = PBXFileReference; fileEncoding = 4; lastKnownFileType = sourcecode.c.h; path = CERenderer_PointLight.h; sourceTree = "<group>"; };
		263C8E661AE62F8E004FDFE8 /* CERenderer_PointLight.m */ = {isa = PBXFileReference; fileEncoding = 4; lastKnownFileType = sourcecode.c.objc; path = CERenderer_PointLight.m; sourceTree = "<group>"; };
		265878691AD7C99100BA2137 /* CEWireframeRenderer.h */ = {isa = PBXFileReference; fileEncoding = 4; lastKnownFileType = sourcecode.c.h; path = CEWireframeRenderer.h; sourceTree = "<group>"; };
		2658786A1AD7C99100BA2137 /* CEWireframeRenderer.m */ = {isa = PBXFileReference; fileEncoding = 4; lastKnownFileType = sourcecode.c.objc; path = CEWireframeRenderer.m; sourceTree = "<group>"; };
		265ACD571AB2D406000277F2 /* CEObject.h */ = {isa = PBXFileReference; fileEncoding = 4; lastKnownFileType = sourcecode.c.h; path = CEObject.h; sourceTree = "<group>"; };
		265ACD581AB2D406000277F2 /* CEObject.m */ = {isa = PBXFileReference; fileEncoding = 4; lastKnownFileType = sourcecode.c.objc; path = CEObject.m; sourceTree = "<group>"; };
		268CBC591ADCB72C00795A6D /* CEIndicesBuffer.h */ = {isa = PBXFileReference; fileEncoding = 4; lastKnownFileType = sourcecode.c.h; path = CEIndicesBuffer.h; sourceTree = "<group>"; };
		268CBC5A1ADCB72C00795A6D /* CEIndicesBuffer.m */ = {isa = PBXFileReference; fileEncoding = 4; lastKnownFileType = sourcecode.c.objc; path = CEIndicesBuffer.m; sourceTree = "<group>"; };
		268CBC601ADCC6BD00795A6D /* CEModel_Rendering.h */ = {isa = PBXFileReference; fileEncoding = 4; lastKnownFileType = sourcecode.c.h; path = CEModel_Rendering.h; sourceTree = "<group>"; };
		2690E8521AEA2F8E000BDD8F /* CEPointLight.h */ = {isa = PBXFileReference; fileEncoding = 4; lastKnownFileType = sourcecode.c.h; path = CEPointLight.h; sourceTree = "<group>"; };
		2690E8531AEA2F8E000BDD8F /* CEPointLight.m */ = {isa = PBXFileReference; fileEncoding = 4; lastKnownFileType = sourcecode.c.objc; path = CEPointLight.m; sourceTree = "<group>"; };
		269762671AE0AF52005E95DA /* CERenderer_Dev.h */ = {isa = PBXFileReference; fileEncoding = 4; lastKnownFileType = sourcecode.c.h; path = CERenderer_Dev.h; sourceTree = "<group>"; };
		269762681AE0AF52005E95DA /* CERenderer_Dev.m */ = {isa = PBXFileReference; fileEncoding = 4; lastKnownFileType = sourcecode.c.objc; path = CERenderer_Dev.m; sourceTree = "<group>"; };
		26A4E1271ACD734900847553 /* CEObjFileLoader.h */ = {isa = PBXFileReference; fileEncoding = 4; lastKnownFileType = sourcecode.c.h; path = CEObjFileLoader.h; sourceTree = "<group>"; };
		26A4E1281ACD734900847553 /* CEObjFileLoader.m */ = {isa = PBXFileReference; fileEncoding = 4; lastKnownFileType = sourcecode.c.objc; path = CEObjFileLoader.m; sourceTree = "<group>"; };
		26C3B7281AE88FE20061BEFC /* CEDebugRenderManager.h */ = {isa = PBXFileReference; fileEncoding = 4; lastKnownFileType = sourcecode.c.h; path = CEDebugRenderManager.h; sourceTree = "<group>"; };
		26C3B7291AE88FE20061BEFC /* CEDebugRenderManager.m */ = {isa = PBXFileReference; fileEncoding = 4; lastKnownFileType = sourcecode.c.objc; path = CEDebugRenderManager.m; sourceTree = "<group>"; };
		26C3B72D1AE8CE090061BEFC /* CEBaseRenderer.h */ = {isa = PBXFileReference; fileEncoding = 4; lastKnownFileType = sourcecode.c.h; path = CEBaseRenderer.h; sourceTree = "<group>"; };
		26C3B72E1AE8CE090061BEFC /* CEBaseRenderer.m */ = {isa = PBXFileReference; fileEncoding = 4; lastKnownFileType = sourcecode.c.objc; path = CEBaseRenderer.m; sourceTree = "<group>"; };
		26C3B7301AE8F09F0061BEFC /* CELightUniformInfo.h */ = {isa = PBXFileReference; fileEncoding = 4; lastKnownFileType = sourcecode.c.h; path = CELightUniformInfo.h; sourceTree = "<group>"; };
		26C3B7311AE8F09F0061BEFC /* CELightUniformInfo.m */ = {isa = PBXFileReference; fileEncoding = 4; lastKnownFileType = sourcecode.c.objc; path = CELightUniformInfo.m; sourceTree = "<group>"; };
		26F7B7581AEE31C400BEDB01 /* CESpotLight.h */ = {isa = PBXFileReference; fileEncoding = 4; lastKnownFileType = sourcecode.c.h; path = CESpotLight.h; sourceTree = "<group>"; };
		26F7B7591AEE31C400BEDB01 /* CESpotLight.m */ = {isa = PBXFileReference; fileEncoding = 4; lastKnownFileType = sourcecode.c.objc; path = CESpotLight.m; sourceTree = "<group>"; };
		26F7FF8A1ADE3C3B0086D9D7 /* CERenderer_V_VN.h */ = {isa = PBXFileReference; fileEncoding = 4; lastKnownFileType = sourcecode.c.h; path = CERenderer_V_VN.h; sourceTree = "<group>"; };
		26F7FF8B1ADE3C3B0086D9D7 /* CERenderer_V_VN.m */ = {isa = PBXFileReference; fileEncoding = 4; lastKnownFileType = sourcecode.c.objc; path = CERenderer_V_VN.m; sourceTree = "<group>"; };
		26F7FF8D1ADE45660086D9D7 /* CEAssistRenderer.h */ = {isa = PBXFileReference; fileEncoding = 4; lastKnownFileType = sourcecode.c.h; path = CEAssistRenderer.h; sourceTree = "<group>"; };
		26F7FF8E1ADE45660086D9D7 /* CEAssistRenderer.m */ = {isa = PBXFileReference; fileEncoding = 4; lastKnownFileType = sourcecode.c.objc; path = CEAssistRenderer.m; sourceTree = "<group>"; };
		4C43A42E1ADC37C600761CA9 /* CEVertexBuffer.h */ = {isa = PBXFileReference; fileEncoding = 4; lastKnownFileType = sourcecode.c.h; path = CEVertexBuffer.h; sourceTree = "<group>"; };
		4C43A42F1ADC37C600761CA9 /* CEVertexBuffer.m */ = {isa = PBXFileReference; fileEncoding = 4; lastKnownFileType = sourcecode.c.objc; path = CEVertexBuffer.m; sourceTree = "<group>"; };
		4C43A4311ADC380A00761CA9 /* CEVBOAttribute.h */ = {isa = PBXFileReference; fileEncoding = 4; lastKnownFileType = sourcecode.c.h; path = CEVBOAttribute.h; sourceTree = "<group>"; };
		4C43A4321ADC380A00761CA9 /* CEVBOAttribute.m */ = {isa = PBXFileReference; fileEncoding = 4; lastKnownFileType = sourcecode.c.objc; path = CEVBOAttribute.m; sourceTree = "<group>"; };
/* End PBXFileReference section */

/* Begin PBXFrameworksBuildPhase section */
		26193F451AA8324600787C64 /* Frameworks */ = {
			isa = PBXFrameworksBuildPhase;
			buildActionMask = 2147483647;
			files = (
				26193F6D1AA832F800787C64 /* Foundation.framework in Frameworks */,
				26193F6B1AA832F000787C64 /* CoreGraphics.framework in Frameworks */,
				26193F691AA832EB00787C64 /* QuartzCore.framework in Frameworks */,
				26193F671AA832E700787C64 /* GLKit.framework in Frameworks */,
				26193F651AA832E400787C64 /* UIKit.framework in Frameworks */,
			);
			runOnlyForDeploymentPostprocessing = 0;
		};
/* End PBXFrameworksBuildPhase section */

/* Begin PBXGroup section */
		2610896A1AAD31CE0041E142 /* Render */ = {
			isa = PBXGroup;
			children = (
				2624ABAA1AD6A85500FC863C /* CERenderManager.h */,
				2624ABAB1AD6A85500FC863C /* CERenderManager.m */,
				26C3B7281AE88FE20061BEFC /* CEDebugRenderManager.h */,
				26C3B7291AE88FE20061BEFC /* CEDebugRenderManager.m */,
				2624AB961AD6286E00FC863C /* CERenderer.h */,
				2624AB971AD6286E00FC863C /* CERenderer.m */,
				26C3B72D1AE8CE090061BEFC /* CEBaseRenderer.h */,
				26C3B72E1AE8CE090061BEFC /* CEBaseRenderer.m */,
				265878691AD7C99100BA2137 /* CEWireframeRenderer.h */,
				2658786A1AD7C99100BA2137 /* CEWireframeRenderer.m */,
				26F7FF8D1ADE45660086D9D7 /* CEAssistRenderer.h */,
				26F7FF8E1ADE45660086D9D7 /* CEAssistRenderer.m */,
				26F1C3A61AEF342C0007ACB6 /* Deprecated */,
				26193FBD1AA85F3F00787C64 /* CEProgram.h */,
				26193FBE1AA85F3F00787C64 /* CEProgram.m */,
			);
			name = Render;
			sourceTree = "<group>";
		};
		2610896B1AAD31E40041E142 /* 3DScene */ = {
			isa = PBXGroup;
			children = (
				261089641AAD31AF0041E142 /* CEScene.h */,
				261089651AAD31AF0041E142 /* CEScene.m */,
				265ACD571AB2D406000277F2 /* CEObject.h */,
				265ACD581AB2D406000277F2 /* CEObject.m */,
				2624ABA71AD6A56A00FC863C /* CEModel.h */,
				2624ABA81AD6A56A00FC863C /* CEModel.m */,
				268CBC601ADCC6BD00795A6D /* CEModel_Rendering.h */,
				2624AB9C1AD62BAE00FC863C /* CETexture.h */,
				2624AB9D1AD62BAE00FC863C /* CETexture.m */,
				2624AB9F1AD62BC800FC863C /* CEMeterial.h */,
				2624ABA01AD62BC800FC863C /* CEMeterial.m */,
				261089671AAD31C60041E142 /* CECamera.h */,
				261089681AAD31C60041E142 /* CECamera.m */,
				2610896E1AAD3D700041E142 /* CECamera_Rendering.h */,
				26A4E1271ACD734900847553 /* CEObjFileLoader.h */,
				26A4E1281ACD734900847553 /* CEObjFileLoader.m */,
				2625B8BC1AE7D0D4002FD478 /* Light */,
				268CBC5C1ADCBD6600795A6D /* VertexBuffer */,
			);
			name = 3DScene;
			sourceTree = "<group>";
		};
		2610896C1AAD31FF0041E142 /* Support */ = {
			isa = PBXGroup;
			children = (
				26193F631AA8327A00787C64 /* CubeEngine-Prefix.pch */,
			);
			name = Support;
			sourceTree = "<group>";
		};
		26193F3F1AA8324600787C64 = {
			isa = PBXGroup;
			children = (
				26193F4A1AA8324600787C64 /* CubeEngine */,
				26193F621AA8326900787C64 /* Frameworks */,
				26193F491AA8324600787C64 /* Products */,
			);
			sourceTree = "<group>";
		};
		26193F491AA8324600787C64 /* Products */ = {
			isa = PBXGroup;
			children = (
				26193F481AA8324600787C64 /* libCubeEngine.a */,
			);
			name = Products;
			sourceTree = "<group>";
		};
		26193F4A1AA8324600787C64 /* CubeEngine */ = {
			isa = PBXGroup;
			children = (
				26193F4B1AA8324600787C64 /* CubeEngine.h */,
				26193F4D1AA8324600787C64 /* CubeEngine.m */,
				263C88EC1AA98DEB005A2623 /* CEDefines.h */,
				263BBBDF1AB91A3600F88F65 /* CEUtils.h */,
				263BBBE01AB91A3600F88F65 /* CEUtils.m */,
				2610896B1AAD31E40041E142 /* 3DScene */,
				2610896A1AAD31CE0041E142 /* Render */,
				263C88ED1AA99151005A2623 /* CEViewController.h */,
				263C88EE1AA99151005A2623 /* CEViewController.m */,
				2610896C1AAD31FF0041E142 /* Support */,
			);
			path = CubeEngine;
			sourceTree = "<group>";
		};
		26193F621AA8326900787C64 /* Frameworks */ = {
			isa = PBXGroup;
			children = (
				26193F6C1AA832F800787C64 /* Foundation.framework */,
				26193F6A1AA832F000787C64 /* CoreGraphics.framework */,
				26193F681AA832EB00787C64 /* QuartzCore.framework */,
				26193F661AA832E700787C64 /* GLKit.framework */,
				26193F641AA832E400787C64 /* UIKit.framework */,
			);
			name = Frameworks;
			sourceTree = "<group>";
		};
		2625B8BC1AE7D0D4002FD478 /* Light */ = {
			isa = PBXGroup;
			children = (
				263C8E5C1AE5F546004FDFE8 /* CELight.h */,
				263C8E5D1AE5F546004FDFE8 /* CELight.m */,
				2625B8BD1AE7D18A002FD478 /* CELight_Rendering.h */,
				2625B8BE1AE7D340002FD478 /* CEDirectionalLight.h */,
				2625B8BF1AE7D340002FD478 /* CEDirectionalLight.m */,
				2690E8521AEA2F8E000BDD8F /* CEPointLight.h */,
				2690E8531AEA2F8E000BDD8F /* CEPointLight.m */,
				26F7B7581AEE31C400BEDB01 /* CESpotLight.h */,
				26F7B7591AEE31C400BEDB01 /* CESpotLight.m */,
				26C3B7301AE8F09F0061BEFC /* CELightUniformInfo.h */,
				26C3B7311AE8F09F0061BEFC /* CELightUniformInfo.m */,
			);
			name = Light;
			sourceTree = "<group>";
		};
		268CBC5C1ADCBD6600795A6D /* VertexBuffer */ = {
			isa = PBXGroup;
			children = (
				4C43A42E1ADC37C600761CA9 /* CEVertexBuffer.h */,
				4C43A42F1ADC37C600761CA9 /* CEVertexBuffer.m */,
				4C43A4311ADC380A00761CA9 /* CEVBOAttribute.h */,
				4C43A4321ADC380A00761CA9 /* CEVBOAttribute.m */,
				268CBC591ADCB72C00795A6D /* CEIndicesBuffer.h */,
				268CBC5A1ADCB72C00795A6D /* CEIndicesBuffer.m */,
			);
			name = VertexBuffer;
			sourceTree = "<group>";
		};
		26F1C3A61AEF342C0007ACB6 /* Deprecated */ = {
			isa = PBXGroup;
			children = (
				2624ABAD1AD6ABC800FC863C /* CERenderer_V.h */,
				2624ABAE1AD6ABC800FC863C /* CERenderer_V.m */,
				26F7FF8A1ADE3C3B0086D9D7 /* CERenderer_V_VN.h */,
				26F7FF8B1ADE3C3B0086D9D7 /* CERenderer_V_VN.m */,
				269762671AE0AF52005E95DA /* CERenderer_Dev.h */,
				269762681AE0AF52005E95DA /* CERenderer_Dev.m */,
				263C8E5F1AE5FCCD004FDFE8 /* CERenderer_DirectionalLight.h */,
				263C8E601AE5FCCD004FDFE8 /* CERenderer_DirectionalLight.m */,
				263C8E651AE62F8E004FDFE8 /* CERenderer_PointLight.h */,
				263C8E661AE62F8E004FDFE8 /* CERenderer_PointLight.m */,
			);
			name = Deprecated;
			sourceTree = "<group>";
		};
/* End PBXGroup section */

/* Begin PBXNativeTarget section */
		26193F471AA8324600787C64 /* CubeEngine */ = {
			isa = PBXNativeTarget;
			buildConfigurationList = 26193F5C1AA8324600787C64 /* Build configuration list for PBXNativeTarget "CubeEngine" */;
			buildPhases = (
				26193F441AA8324600787C64 /* Sources */,
				26193F451AA8324600787C64 /* Frameworks */,
				26193F461AA8324600787C64 /* CopyFiles */,
			);
			buildRules = (
			);
			dependencies = (
			);
			name = CubeEngine;
			productName = CubeEngine;
			productReference = 26193F481AA8324600787C64 /* libCubeEngine.a */;
			productType = "com.apple.product-type.library.static";
		};
/* End PBXNativeTarget section */

/* Begin PBXProject section */
		26193F401AA8324600787C64 /* Project object */ = {
			isa = PBXProject;
			attributes = {
				LastUpgradeCheck = 0610;
				ORGANIZATIONNAME = ByChance;
				TargetAttributes = {
					26193F471AA8324600787C64 = {
						CreatedOnToolsVersion = 6.1;
					};
				};
			};
			buildConfigurationList = 26193F431AA8324600787C64 /* Build configuration list for PBXProject "CubeEngine" */;
			compatibilityVersion = "Xcode 3.2";
			developmentRegion = English;
			hasScannedForEncodings = 0;
			knownRegions = (
				en,
			);
			mainGroup = 26193F3F1AA8324600787C64;
			productRefGroup = 26193F491AA8324600787C64 /* Products */;
			projectDirPath = "";
			projectRoot = "";
			targets = (
				26193F471AA8324600787C64 /* CubeEngine */,
			);
		};
/* End PBXProject section */

/* Begin PBXSourcesBuildPhase section */
		26193F441AA8324600787C64 /* Sources */ = {
			isa = PBXSourcesBuildPhase;
			buildActionMask = 2147483647;
			files = (
				4C43A4301ADC37C600761CA9 /* CEVertexBuffer.m in Sources */,
				26F7FF8F1ADE45660086D9D7 /* CEAssistRenderer.m in Sources */,
				268CBC5B1ADCB72C00795A6D /* CEIndicesBuffer.m in Sources */,
				2690E8541AEA2F8E000BDD8F /* CEPointLight.m in Sources */,
				263C88EF1AA99151005A2623 /* CEViewController.m in Sources */,
				261089661AAD31AF0041E142 /* CEScene.m in Sources */,
				26F7B75A1AEE31C400BEDB01 /* CESpotLight.m in Sources */,
				261089691AAD31C60041E142 /* CECamera.m in Sources */,
				2624ABA11AD62BC800FC863C /* CEMeterial.m in Sources */,
				26C3B7321AE8F09F0061BEFC /* CELightUniformInfo.m in Sources */,
				2624ABA91AD6A56A00FC863C /* CEModel.m in Sources */,
				2624AB9E1AD62BAE00FC863C /* CETexture.m in Sources */,
				26193F4E1AA8324600787C64 /* CubeEngine.m in Sources */,
				263C8E671AE62F8E004FDFE8 /* CERenderer_PointLight.m in Sources */,
				263C8E5E1AE5F546004FDFE8 /* CELight.m in Sources */,
				2625B8C01AE7D340002FD478 /* CEDirectionalLight.m in Sources */,
				26193FBF1AA85F3F00787C64 /* CEProgram.m in Sources */,
				265ACD591AB2D406000277F2 /* CEObject.m in Sources */,
				26C3B72A1AE88FE20061BEFC /* CEDebugRenderManager.m in Sources */,
				2658786B1AD7C99100BA2137 /* CEWireframeRenderer.m in Sources */,
				26F7FF8C1ADE3C3B0086D9D7 /* CERenderer_V_VN.m in Sources */,
				2624ABAF1AD6ABC800FC863C /* CERenderer_V.m in Sources */,
				2624ABAC1AD6A85500FC863C /* CERenderManager.m in Sources */,
				2624AB981AD6286E00FC863C /* CERenderer.m in Sources */,
				263C8E611AE5FCCD004FDFE8 /* CERenderer_DirectionalLight.m in Sources */,
				4C43A4331ADC380A00761CA9 /* CEVBOAttribute.m in Sources */,
				263BBBE11AB91A3600F88F65 /* CEUtils.m in Sources */,
				269762691AE0AF52005E95DA /* CERenderer_Dev.m in Sources */,
				26A4E1291ACD734900847553 /* CEObjFileLoader.m in Sources */,
				26C3B72F1AE8CE090061BEFC /* CEBaseRenderer.m in Sources */,
			);
			runOnlyForDeploymentPostprocessing = 0;
		};
/* End PBXSourcesBuildPhase section */

/* Begin XCBuildConfiguration section */
		26193F5A1AA8324600787C64 /* Debug */ = {
			isa = XCBuildConfiguration;
			buildSettings = {
				ALWAYS_SEARCH_USER_PATHS = NO;
				CLANG_CXX_LANGUAGE_STANDARD = "gnu++0x";
				CLANG_CXX_LIBRARY = "libc++";
				CLANG_ENABLE_MODULES = YES;
				CLANG_ENABLE_OBJC_ARC = YES;
				CLANG_WARN_BOOL_CONVERSION = YES;
				CLANG_WARN_CONSTANT_CONVERSION = YES;
				CLANG_WARN_DIRECT_OBJC_ISA_USAGE = YES_ERROR;
				CLANG_WARN_EMPTY_BODY = YES;
				CLANG_WARN_ENUM_CONVERSION = YES;
				CLANG_WARN_INT_CONVERSION = YES;
				CLANG_WARN_OBJC_ROOT_CLASS = YES_ERROR;
				CLANG_WARN_UNREACHABLE_CODE = YES;
				CLANG_WARN__DUPLICATE_METHOD_MATCH = YES;
				COPY_PHASE_STRIP = NO;
				ENABLE_STRICT_OBJC_MSGSEND = YES;
				GCC_C_LANGUAGE_STANDARD = gnu99;
				GCC_DYNAMIC_NO_PIC = NO;
				GCC_OPTIMIZATION_LEVEL = 0;
				GCC_PREPROCESSOR_DEFINITIONS = (
					"DEBUG=1",
					"$(inherited)",
				);
				GCC_SYMBOLS_PRIVATE_EXTERN = NO;
				GCC_WARN_64_TO_32_BIT_CONVERSION = YES;
				GCC_WARN_ABOUT_RETURN_TYPE = YES_ERROR;
				GCC_WARN_UNDECLARED_SELECTOR = YES;
				GCC_WARN_UNINITIALIZED_AUTOS = YES_AGGRESSIVE;
				GCC_WARN_UNUSED_FUNCTION = YES;
				GCC_WARN_UNUSED_VARIABLE = YES;
				IPHONEOS_DEPLOYMENT_TARGET = 8.1;
				MTL_ENABLE_DEBUG_INFO = YES;
				ONLY_ACTIVE_ARCH = YES;
				SDKROOT = iphoneos;
			};
			name = Debug;
		};
		26193F5B1AA8324600787C64 /* Release */ = {
			isa = XCBuildConfiguration;
			buildSettings = {
				ALWAYS_SEARCH_USER_PATHS = NO;
				CLANG_CXX_LANGUAGE_STANDARD = "gnu++0x";
				CLANG_CXX_LIBRARY = "libc++";
				CLANG_ENABLE_MODULES = YES;
				CLANG_ENABLE_OBJC_ARC = YES;
				CLANG_WARN_BOOL_CONVERSION = YES;
				CLANG_WARN_CONSTANT_CONVERSION = YES;
				CLANG_WARN_DIRECT_OBJC_ISA_USAGE = YES_ERROR;
				CLANG_WARN_EMPTY_BODY = YES;
				CLANG_WARN_ENUM_CONVERSION = YES;
				CLANG_WARN_INT_CONVERSION = YES;
				CLANG_WARN_OBJC_ROOT_CLASS = YES_ERROR;
				CLANG_WARN_UNREACHABLE_CODE = YES;
				CLANG_WARN__DUPLICATE_METHOD_MATCH = YES;
				COPY_PHASE_STRIP = YES;
				ENABLE_NS_ASSERTIONS = NO;
				ENABLE_STRICT_OBJC_MSGSEND = YES;
				GCC_C_LANGUAGE_STANDARD = gnu99;
				GCC_WARN_64_TO_32_BIT_CONVERSION = YES;
				GCC_WARN_ABOUT_RETURN_TYPE = YES_ERROR;
				GCC_WARN_UNDECLARED_SELECTOR = YES;
				GCC_WARN_UNINITIALIZED_AUTOS = YES_AGGRESSIVE;
				GCC_WARN_UNUSED_FUNCTION = YES;
				GCC_WARN_UNUSED_VARIABLE = YES;
				IPHONEOS_DEPLOYMENT_TARGET = 8.1;
				MTL_ENABLE_DEBUG_INFO = NO;
				SDKROOT = iphoneos;
				VALIDATE_PRODUCT = YES;
			};
			name = Release;
		};
		26193F5D1AA8324600787C64 /* Debug */ = {
			isa = XCBuildConfiguration;
			buildSettings = {
				GCC_PREFIX_HEADER = "CubeEngine/CubeEngine-Prefix.pch";
				HEADER_SEARCH_PATHS = (
					"$(inherited)",
					/Applications/Xcode.app/Contents/Developer/Toolchains/XcodeDefault.xctoolchain/usr/include,
				);
				IPHONEOS_DEPLOYMENT_TARGET = 6.0;
				OTHER_LDFLAGS = "-ObjC";
				PRODUCT_NAME = "$(TARGET_NAME)";
				SKIP_INSTALL = YES;
			};
			name = Debug;
		};
		26193F5E1AA8324600787C64 /* Release */ = {
			isa = XCBuildConfiguration;
			buildSettings = {
				GCC_PREFIX_HEADER = "CubeEngine/CubeEngine-Prefix.pch";
				HEADER_SEARCH_PATHS = (
					"$(inherited)",
					/Applications/Xcode.app/Contents/Developer/Toolchains/XcodeDefault.xctoolchain/usr/include,
				);
				IPHONEOS_DEPLOYMENT_TARGET = 6.0;
				OTHER_LDFLAGS = "-ObjC";
				PRODUCT_NAME = "$(TARGET_NAME)";
				SKIP_INSTALL = YES;
			};
			name = Release;
		};
/* End XCBuildConfiguration section */

/* Begin XCConfigurationList section */
		26193F431AA8324600787C64 /* Build configuration list for PBXProject "CubeEngine" */ = {
			isa = XCConfigurationList;
			buildConfigurations = (
				26193F5A1AA8324600787C64 /* Debug */,
				26193F5B1AA8324600787C64 /* Release */,
			);
			defaultConfigurationIsVisible = 0;
			defaultConfigurationName = Release;
		};
		26193F5C1AA8324600787C64 /* Build configuration list for PBXNativeTarget "CubeEngine" */ = {
			isa = XCConfigurationList;
			buildConfigurations = (
				26193F5D1AA8324600787C64 /* Debug */,
				26193F5E1AA8324600787C64 /* Release */,
			);
			defaultConfigurationIsVisible = 0;
			defaultConfigurationName = Release;
		};
/* End XCConfigurationList section */
	};
	rootObject = 26193F401AA8324600787C64 /* Project object */;
}
