// !$*UTF8*$!
{
	archiveVersion = 1;
	classes = {
	};
	objectVersion = 46;
	objects = {

/* Begin PBXBuildFile section */
		2608E2391B78FCB500E9F601 /* CEShaderLightInfo.m in Sources */ = {isa = PBXBuildFile; fileRef = 2608E2381B78FCB500E9F601 /* CEShaderLightInfo.m */; };
		260949131B05981600F7465B /* CEObjMeshInfo.m in Sources */ = {isa = PBXBuildFile; fileRef = 260949121B05981600F7465B /* CEObjMeshInfo.m */; };
		260949161B0598E000F7465B /* CEMtlParser.m in Sources */ = {isa = PBXBuildFile; fileRef = 260949151B0598E000F7465B /* CEMtlParser.m */; };
		260949191B0598EE00F7465B /* CEObjParser.m in Sources */ = {isa = PBXBuildFile; fileRef = 260949181B0598EE00F7465B /* CEObjParser.m */; };
		261089661AAD31AF0041E142 /* CEScene.m in Sources */ = {isa = PBXBuildFile; fileRef = 261089651AAD31AF0041E142 /* CEScene.m */; };
		261089691AAD31C60041E142 /* CECamera.m in Sources */ = {isa = PBXBuildFile; fileRef = 261089681AAD31C60041E142 /* CECamera.m */; };
		26193F4C1AA8324600787C64 /* CubeEngine.h in CopyFiles */ = {isa = PBXBuildFile; fileRef = 26193F4B1AA8324600787C64 /* CubeEngine.h */; };
		26193F4E1AA8324600787C64 /* CubeEngine.m in Sources */ = {isa = PBXBuildFile; fileRef = 26193F4D1AA8324600787C64 /* CubeEngine.m */; };
		26193F651AA832E400787C64 /* UIKit.framework in Frameworks */ = {isa = PBXBuildFile; fileRef = 26193F641AA832E400787C64 /* UIKit.framework */; };
		26193F671AA832E700787C64 /* GLKit.framework in Frameworks */ = {isa = PBXBuildFile; fileRef = 26193F661AA832E700787C64 /* GLKit.framework */; };
		26193F691AA832EB00787C64 /* QuartzCore.framework in Frameworks */ = {isa = PBXBuildFile; fileRef = 26193F681AA832EB00787C64 /* QuartzCore.framework */; };
		26193F6B1AA832F000787C64 /* CoreGraphics.framework in Frameworks */ = {isa = PBXBuildFile; fileRef = 26193F6A1AA832F000787C64 /* CoreGraphics.framework */; };
		26193F6D1AA832F800787C64 /* Foundation.framework in Frameworks */ = {isa = PBXBuildFile; fileRef = 26193F6C1AA832F800787C64 /* Foundation.framework */; };
		26193FBF1AA85F3F00787C64 /* CEProgram.m in Sources */ = {isa = PBXBuildFile; fileRef = 26193FBE1AA85F3F00787C64 /* CEProgram.m */; };
		2624A6111B0AD234001E3F32 /* CEProgramConfig.m in Sources */ = {isa = PBXBuildFile; fileRef = 2624A6101B0AD234001E3F32 /* CEProgramConfig.m */; };
		2624AB9E1AD62BAE00FC863C /* CETexture.m in Sources */ = {isa = PBXBuildFile; fileRef = 2624AB9D1AD62BAE00FC863C /* CETexture.m */; };
		2624ABA11AD62BC800FC863C /* CEMaterial.m in Sources */ = {isa = PBXBuildFile; fileRef = 2624ABA01AD62BC800FC863C /* CEMaterial.m */; };
		2624ABA91AD6A56A00FC863C /* CEModel.m in Sources */ = {isa = PBXBuildFile; fileRef = 2624ABA81AD6A56A00FC863C /* CEModel.m */; };
		2624ABAC1AD6A85500FC863C /* CERenderManager.m in Sources */ = {isa = PBXBuildFile; fileRef = 2624ABAB1AD6A85500FC863C /* CERenderManager.m */; };
		2624ABB11AD6B0BB00FC863C /* CEModel.h in CopyFiles */ = {isa = PBXBuildFile; fileRef = 2624ABA71AD6A56A00FC863C /* CEModel.h */; };
		2624ABB31AD6B0BC00FC863C /* CETexture.h in CopyFiles */ = {isa = PBXBuildFile; fileRef = 2624AB9C1AD62BAE00FC863C /* CETexture.h */; };
		2624ABB41AD6B0BC00FC863C /* CEMaterial.h in CopyFiles */ = {isa = PBXBuildFile; fileRef = 2624AB9F1AD62BC800FC863C /* CEMaterial.h */; };
		2625B8C01AE7D340002FD478 /* CEDirectionalLight.m in Sources */ = {isa = PBXBuildFile; fileRef = 2625B8BF1AE7D340002FD478 /* CEDirectionalLight.m */; };
		263BBBE11AB91A3600F88F65 /* CEUtils.m in Sources */ = {isa = PBXBuildFile; fileRef = 263BBBE01AB91A3600F88F65 /* CEUtils.m */; };
		263C8E5E1AE5F546004FDFE8 /* CELight.m in Sources */ = {isa = PBXBuildFile; fileRef = 263C8E5D1AE5F546004FDFE8 /* CELight.m */; };
		2658786B1AD7C99100BA2137 /* CEWireframeRenderer.m in Sources */ = {isa = PBXBuildFile; fileRef = 2658786A1AD7C99100BA2137 /* CEWireframeRenderer.m */; };
		265ACD591AB2D406000277F2 /* CEObject.m in Sources */ = {isa = PBXBuildFile; fileRef = 265ACD581AB2D406000277F2 /* CEObject.m */; };
		266E59C21ADBAA0A00F00C90 /* CEObjFileLoader.h in CopyFiles */ = {isa = PBXBuildFile; fileRef = 26A4E1271ACD734900847553 /* CEObjFileLoader.h */; };
		267C42B01AB2E9280011CDC0 /* CEObject.h in CopyFiles */ = {isa = PBXBuildFile; fileRef = 265ACD571AB2D406000277F2 /* CEObject.h */; };
		267F4D811B0CD81100F25452 /* CEMainProgram.m in Sources */ = {isa = PBXBuildFile; fileRef = 267F4D801B0CD81100F25452 /* CEMainProgram.m */; };
		268CBC5B1ADCB72C00795A6D /* CEIndicesBuffer.m in Sources */ = {isa = PBXBuildFile; fileRef = 268CBC5A1ADCB72C00795A6D /* CEIndicesBuffer.m */; };
		2690E8541AEA2F8E000BDD8F /* CEPointLight.m in Sources */ = {isa = PBXBuildFile; fileRef = 2690E8531AEA2F8E000BDD8F /* CEPointLight.m */; };
		2690E8551AEA3AC9000BDD8F /* CEPointLight.h in CopyFiles */ = {isa = PBXBuildFile; fileRef = 2690E8521AEA2F8E000BDD8F /* CEPointLight.h */; };
		269249951B033D4A0069892D /* CEBufferGroup.m in Sources */ = {isa = PBXBuildFile; fileRef = 269249941B033D4A0069892D /* CEBufferGroup.m */; };
		269608ED1AF85E750045FB03 /* CEView.m in Sources */ = {isa = PBXBuildFile; fileRef = 269608EC1AF85E750045FB03 /* CEView.m */; };
		269608F01AF85E9C0045FB03 /* CEViewController.m in Sources */ = {isa = PBXBuildFile; fileRef = 269608EF1AF85E9C0045FB03 /* CEViewController.m */; };
		269608F11AF86C7E0045FB03 /* CEViewController.h in CopyFiles */ = {isa = PBXBuildFile; fileRef = 269608EE1AF85E9C0045FB03 /* CEViewController.h */; };
		269608F21AF874620045FB03 /* CEView.h in CopyFiles */ = {isa = PBXBuildFile; fileRef = 269608EB1AF85E750045FB03 /* CEView.h */; };
		269F476A1B0089030030CD55 /* CEShadowMapBuffer.m in Sources */ = {isa = PBXBuildFile; fileRef = 269F47691B0089030030CD55 /* CEShadowMapBuffer.m */; };
		26A4E1291ACD734900847553 /* CEObjFileLoader.m in Sources */ = {isa = PBXBuildFile; fileRef = 26A4E1281ACD734900847553 /* CEObjFileLoader.m */; };
		26A9A8D71AF7744200394A4C /* CERenderCore.m in Sources */ = {isa = PBXBuildFile; fileRef = 26A9A8D61AF7744200394A4C /* CERenderCore.m */; };
		26C3B72B1AE893F10061BEFC /* CELight.h in CopyFiles */ = {isa = PBXBuildFile; fileRef = 263C8E5C1AE5F546004FDFE8 /* CELight.h */; };
		26C3B72C1AE893F40061BEFC /* CEDirectionalLight.h in CopyFiles */ = {isa = PBXBuildFile; fileRef = 2625B8BE1AE7D340002FD478 /* CEDirectionalLight.h */; };
		26C3B7321AE8F09F0061BEFC /* CELightInfo.m in Sources */ = {isa = PBXBuildFile; fileRef = 26C3B7311AE8F09F0061BEFC /* CELightInfo.m */; };
		26EBAB711AAECAA100E65022 /* CEScene.h in CopyFiles */ = {isa = PBXBuildFile; fileRef = 261089641AAD31AF0041E142 /* CEScene.h */; };
		26EBAB731AAECAA700E65022 /* CECamera.h in CopyFiles */ = {isa = PBXBuildFile; fileRef = 261089671AAD31C60041E142 /* CECamera.h */; };
		26F7B75A1AEE31C400BEDB01 /* CESpotLight.m in Sources */ = {isa = PBXBuildFile; fileRef = 26F7B7591AEE31C400BEDB01 /* CESpotLight.m */; };
		26F7B75B1AEE6AD900BEDB01 /* CESpotLight.h in CopyFiles */ = {isa = PBXBuildFile; fileRef = 26F7B7581AEE31C400BEDB01 /* CESpotLight.h */; };
		26F7FF8F1ADE45660086D9D7 /* CEAssistRenderer.m in Sources */ = {isa = PBXBuildFile; fileRef = 26F7FF8E1ADE45660086D9D7 /* CEAssistRenderer.m */; };
		26FF85381B0A173C0075B971 /* CEMainRenderer.m in Sources */ = {isa = PBXBuildFile; fileRef = 26FF85371B0A173C0075B971 /* CEMainRenderer.m */; };
		4C1352151B83638B008EA484 /* BuildToolManager.m in Sources */ = {isa = PBXBuildFile; fileRef = 4C1352141B83638B008EA484 /* BuildToolManager.m */; };
		4C1352171B8364B2008EA484 /* main.m in Sources */ = {isa = PBXBuildFile; fileRef = 4C1352161B8364B2008EA484 /* main.m */; };
		4C43A4301ADC37C600761CA9 /* CEVertexBuffer.m in Sources */ = {isa = PBXBuildFile; fileRef = 4C43A42F1ADC37C600761CA9 /* CEVertexBuffer.m */; };
		4C43A4331ADC380A00761CA9 /* CEVBOAttribute.m in Sources */ = {isa = PBXBuildFile; fileRef = 4C43A4321ADC380A00761CA9 /* CEVBOAttribute.m */; };
		4C51F11E1B8B1ECB0052511E /* CEShaderFunctionInfo.m in Sources */ = {isa = PBXBuildFile; fileRef = 4C51F11D1B8B1ECB0052511E /* CEShaderFunctionInfo.m */; };
		4C51F11F1B8B1EE50052511E /* CEShaderFunctionInfo.m in Sources */ = {isa = PBXBuildFile; fileRef = 4C51F11D1B8B1ECB0052511E /* CEShaderFunctionInfo.m */; };
		4C51F1221B8B20DD0052511E /* CEShaderProfile.m in Sources */ = {isa = PBXBuildFile; fileRef = 4C51F1211B8B20DD0052511E /* CEShaderProfile.m */; };
		4C51F1231B8B20F10052511E /* CEShaderProfile.m in Sources */ = {isa = PBXBuildFile; fileRef = 4C51F1211B8B20DD0052511E /* CEShaderProfile.m */; };
		4C9D75941B8EFAF600AEA174 /* CEShaderLinkFunctionInfo.m in Sources */ = {isa = PBXBuildFile; fileRef = 4C9D75931B8EFAF600AEA174 /* CEShaderLinkFunctionInfo.m */; };
		4C9D75951B8F009600AEA174 /* CEShaderLinkFunctionInfo.m in Sources */ = {isa = PBXBuildFile; fileRef = 4C9D75931B8EFAF600AEA174 /* CEShaderLinkFunctionInfo.m */; };
		4CBD44241B723AB600D72831 /* CEShaderVariable.m in Sources */ = {isa = PBXBuildFile; fileRef = 4CBD44231B723AB600D72831 /* CEShaderVariable.m */; };
		4CBD44271B72453500D72831 /* CEShaderStruct.m in Sources */ = {isa = PBXBuildFile; fileRef = 4CBD44261B72453500D72831 /* CEShaderStruct.m */; };
		4CCBB3F91B842A0E00200C4E /* CEShaderBuilder.m in Sources */ = {isa = PBXBuildFile; fileRef = 4CCBB3F81B842A0E00200C4E /* CEShaderBuilder.m */; };
		4CCBB3FC1B842A8400200C4E /* CEShaderBuildResult.m in Sources */ = {isa = PBXBuildFile; fileRef = 4CCBB3FB1B842A8400200C4E /* CEShaderBuildResult.m */; };
		4CCBB4001B842F3100200C4E /* CEShaderProfileParser.m in Sources */ = {isa = PBXBuildFile; fileRef = 4CCBB3FF1B842F3100200C4E /* CEShaderProfileParser.m */; };
		4CD480941B40E7B40044517C /* CELightUniforms.m in Sources */ = {isa = PBXBuildFile; fileRef = 4CD480931B40E7B40044517C /* CELightUniforms.m */; };
		4CD7F1361B91BA1400C118D7 /* CEShaderStruct.m in Sources */ = {isa = PBXBuildFile; fileRef = 4CBD44261B72453500D72831 /* CEShaderStruct.m */; };
		4CD7F1371B91BA1400C118D7 /* CEShaderLightInfo.m in Sources */ = {isa = PBXBuildFile; fileRef = 2608E2381B78FCB500E9F601 /* CEShaderLightInfo.m */; };
		4CD7F1381B91BA9900C118D7 /* CEShaderBuilder.m in Sources */ = {isa = PBXBuildFile; fileRef = 4CCBB3F81B842A0E00200C4E /* CEShaderBuilder.m */; };
		4CD7F1391B91BA9900C118D7 /* CEShaderBuildResult.m in Sources */ = {isa = PBXBuildFile; fileRef = 4CCBB3FB1B842A8400200C4E /* CEShaderBuildResult.m */; };
		4CD7F13A1B91BABF00C118D7 /* CEShaderVariable.m in Sources */ = {isa = PBXBuildFile; fileRef = 4CBD44231B723AB600D72831 /* CEShaderVariable.m */; };
		4CD7F13B1B91BABF00C118D7 /* CEShaderBool.m in Sources */ = {isa = PBXBuildFile; fileRef = 4CF403701B73853300C02BAE /* CEShaderBool.m */; };
		4CD7F13C1B91BABF00C118D7 /* CEShaderInteger.m in Sources */ = {isa = PBXBuildFile; fileRef = 4CF403771B73864900C02BAE /* CEShaderInteger.m */; };
		4CD7F13D1B91BABF00C118D7 /* CEShaderFloat.m in Sources */ = {isa = PBXBuildFile; fileRef = 4CF4037A1B73866800C02BAE /* CEShaderFloat.m */; };
		4CD7F13E1B91BABF00C118D7 /* CEShaderVector2.m in Sources */ = {isa = PBXBuildFile; fileRef = 4CF403741B73862900C02BAE /* CEShaderVector2.m */; };
		4CD7F13F1B91BABF00C118D7 /* CEShaderVector3.m in Sources */ = {isa = PBXBuildFile; fileRef = 4CF4037D1B73868600C02BAE /* CEShaderVector3.m */; };
		4CD7F1401B91BABF00C118D7 /* CEShaderVector4.m in Sources */ = {isa = PBXBuildFile; fileRef = 4CF403801B7386A400C02BAE /* CEShaderVector4.m */; };
		4CD7F1411B91BABF00C118D7 /* CEShaderMatrix2.m in Sources */ = {isa = PBXBuildFile; fileRef = 4CF403831B7386B000C02BAE /* CEShaderMatrix2.m */; };
		4CD7F1421B91BABF00C118D7 /* CEShaderMatrix3.m in Sources */ = {isa = PBXBuildFile; fileRef = 4CF403861B7386BA00C02BAE /* CEShaderMatrix3.m */; };
		4CD7F1431B91BABF00C118D7 /* CEShaderMatrix4.m in Sources */ = {isa = PBXBuildFile; fileRef = 4CF403891B7386C200C02BAE /* CEShaderMatrix4.m */; };
		4CD7F1441B91BABF00C118D7 /* CEShaderSample2D.m in Sources */ = {isa = PBXBuildFile; fileRef = 4CF4038C1B7386CD00C02BAE /* CEShaderSample2D.m */; };
		4CD7F1451B91BABF00C118D7 /* CEShaderAttribute.m in Sources */ = {isa = PBXBuildFile; fileRef = 4CF403921B73887600C02BAE /* CEShaderAttribute.m */; };
		4CD9CA9F1B8AB56600FDE357 /* CEShaderVariableInfo.m in Sources */ = {isa = PBXBuildFile; fileRef = 4CD9CA9E1B8AB56600FDE357 /* CEShaderVariableInfo.m */; };
		4CD9CAA41B8AC1FB00FDE357 /* CECodingObject.m in Sources */ = {isa = PBXBuildFile; fileRef = 4CD9CAA31B8AC1FB00FDE357 /* CECodingObject.m */; };
		4CD9CAA51B8AC39900FDE357 /* CEShaderProfileParser.m in Sources */ = {isa = PBXBuildFile; fileRef = 4CCBB3FF1B842F3100200C4E /* CEShaderProfileParser.m */; };
		4CD9CAA81B8AC39900FDE357 /* CEShaderVariableInfo.m in Sources */ = {isa = PBXBuildFile; fileRef = 4CD9CA9E1B8AB56600FDE357 /* CEShaderVariableInfo.m */; };
		4CD9CAAA1B8AF9E500FDE357 /* CECodingObject.m in Sources */ = {isa = PBXBuildFile; fileRef = 4CD9CAA31B8AC1FB00FDE357 /* CECodingObject.m */; };
		4CD9EB951B3BF7D400C6FCB5 /* CEShadowLight.m in Sources */ = {isa = PBXBuildFile; fileRef = 4CD9EB941B3BF7D400C6FCB5 /* CEShadowLight.m */; };
		4CD9EB971B3BFD2B00C6FCB5 /* CEShadowLight.h in CopyFiles */ = {isa = PBXBuildFile; fileRef = 4CD9EB931B3BF7D400C6FCB5 /* CEShadowLight.h */; };
		4CF403711B73853300C02BAE /* CEShaderBool.m in Sources */ = {isa = PBXBuildFile; fileRef = 4CF403701B73853300C02BAE /* CEShaderBool.m */; };
		4CF403751B73862900C02BAE /* CEShaderVector2.m in Sources */ = {isa = PBXBuildFile; fileRef = 4CF403741B73862900C02BAE /* CEShaderVector2.m */; };
		4CF403781B73864900C02BAE /* CEShaderInteger.m in Sources */ = {isa = PBXBuildFile; fileRef = 4CF403771B73864900C02BAE /* CEShaderInteger.m */; };
		4CF4037B1B73866800C02BAE /* CEShaderFloat.m in Sources */ = {isa = PBXBuildFile; fileRef = 4CF4037A1B73866800C02BAE /* CEShaderFloat.m */; };
		4CF4037E1B73868600C02BAE /* CEShaderVector3.m in Sources */ = {isa = PBXBuildFile; fileRef = 4CF4037D1B73868600C02BAE /* CEShaderVector3.m */; };
		4CF403811B7386A400C02BAE /* CEShaderVector4.m in Sources */ = {isa = PBXBuildFile; fileRef = 4CF403801B7386A400C02BAE /* CEShaderVector4.m */; };
		4CF403841B7386B000C02BAE /* CEShaderMatrix2.m in Sources */ = {isa = PBXBuildFile; fileRef = 4CF403831B7386B000C02BAE /* CEShaderMatrix2.m */; };
		4CF403871B7386BA00C02BAE /* CEShaderMatrix3.m in Sources */ = {isa = PBXBuildFile; fileRef = 4CF403861B7386BA00C02BAE /* CEShaderMatrix3.m */; };
		4CF4038A1B7386C200C02BAE /* CEShaderMatrix4.m in Sources */ = {isa = PBXBuildFile; fileRef = 4CF403891B7386C200C02BAE /* CEShaderMatrix4.m */; };
		4CF4038D1B7386CD00C02BAE /* CEShaderSample2D.m in Sources */ = {isa = PBXBuildFile; fileRef = 4CF4038C1B7386CD00C02BAE /* CEShaderSample2D.m */; };
		4CF403931B73887600C02BAE /* CEShaderAttribute.m in Sources */ = {isa = PBXBuildFile; fileRef = 4CF403921B73887600C02BAE /* CEShaderAttribute.m */; };
		4CFE33631B3CFAAB00679817 /* CEShadowMapRenderer.m in Sources */ = {isa = PBXBuildFile; fileRef = 269F476C1B00893D0030CD55 /* CEShadowMapRenderer.m */; };
/* End PBXBuildFile section */

/* Begin PBXCopyFilesBuildPhase section */
		26193F461AA8324600787C64 /* CopyFiles */ = {
			isa = PBXCopyFilesBuildPhase;
			buildActionMask = 2147483647;
			dstPath = "$(PRODUCT_NAME)";
			dstSubfolderSpec = 16;
			files = (
				266E59C21ADBAA0A00F00C90 /* CEObjFileLoader.h in CopyFiles */,
				2624ABB11AD6B0BB00FC863C /* CEModel.h in CopyFiles */,
				2624ABB31AD6B0BC00FC863C /* CETexture.h in CopyFiles */,
				2624ABB41AD6B0BC00FC863C /* CEMaterial.h in CopyFiles */,
				267C42B01AB2E9280011CDC0 /* CEObject.h in CopyFiles */,
				26EBAB731AAECAA700E65022 /* CECamera.h in CopyFiles */,
				26EBAB711AAECAA100E65022 /* CEScene.h in CopyFiles */,
				26193F4C1AA8324600787C64 /* CubeEngine.h in CopyFiles */,
				4CD9EB971B3BFD2B00C6FCB5 /* CEShadowLight.h in CopyFiles */,
				269608F21AF874620045FB03 /* CEView.h in CopyFiles */,
				269608F11AF86C7E0045FB03 /* CEViewController.h in CopyFiles */,
				26C3B72B1AE893F10061BEFC /* CELight.h in CopyFiles */,
				26C3B72C1AE893F40061BEFC /* CEDirectionalLight.h in CopyFiles */,
				26F7B75B1AEE6AD900BEDB01 /* CESpotLight.h in CopyFiles */,
				2690E8551AEA3AC9000BDD8F /* CEPointLight.h in CopyFiles */,
			);
			runOnlyForDeploymentPostprocessing = 0;
		};
		4C1352041B835CEF008EA484 /* CopyFiles */ = {
			isa = PBXCopyFilesBuildPhase;
			buildActionMask = 2147483647;
			dstPath = /usr/share/man/man1/;
			dstSubfolderSpec = 0;
			files = (
			);
			runOnlyForDeploymentPostprocessing = 1;
		};
/* End PBXCopyFilesBuildPhase section */

/* Begin PBXFileReference section */
		26036FB01AF1CEA900A1B84D /* CEShadowRenderer.h */ = {isa = PBXFileReference; fileEncoding = 4; lastKnownFileType = sourcecode.c.h; path = CEShadowRenderer.h; sourceTree = "<group>"; };
		26036FB11AF1CEA900A1B84D /* CEShadowRenderer.m */ = {isa = PBXFileReference; fileEncoding = 4; lastKnownFileType = sourcecode.c.objc; path = CEShadowRenderer.m; sourceTree = "<group>"; };
		2608E2361B78FBB500E9F601 /* CEShaderStruct_privates.h */ = {isa = PBXFileReference; fileEncoding = 4; lastKnownFileType = sourcecode.c.h; path = CEShaderStruct_privates.h; sourceTree = "<group>"; };
		2608E2371B78FCB500E9F601 /* CEShaderLightInfo.h */ = {isa = PBXFileReference; fileEncoding = 4; lastKnownFileType = sourcecode.c.h; path = CEShaderLightInfo.h; sourceTree = "<group>"; };
		2608E2381B78FCB500E9F601 /* CEShaderLightInfo.m */ = {isa = PBXFileReference; fileEncoding = 4; lastKnownFileType = sourcecode.c.objc; path = CEShaderLightInfo.m; sourceTree = "<group>"; };
		2608E23A1B78FD6900E9F601 /* CEShaderVariableDefines.h */ = {isa = PBXFileReference; lastKnownFileType = sourcecode.c.h; path = CEShaderVariableDefines.h; sourceTree = "<group>"; };
		260949111B05981600F7465B /* CEObjMeshInfo.h */ = {isa = PBXFileReference; fileEncoding = 4; lastKnownFileType = sourcecode.c.h; path = CEObjMeshInfo.h; sourceTree = "<group>"; };
		260949121B05981600F7465B /* CEObjMeshInfo.m */ = {isa = PBXFileReference; fileEncoding = 4; lastKnownFileType = sourcecode.c.objc; path = CEObjMeshInfo.m; sourceTree = "<group>"; };
		260949141B0598E000F7465B /* CEMtlParser.h */ = {isa = PBXFileReference; fileEncoding = 4; lastKnownFileType = sourcecode.c.h; path = CEMtlParser.h; sourceTree = "<group>"; };
		260949151B0598E000F7465B /* CEMtlParser.m */ = {isa = PBXFileReference; fileEncoding = 4; lastKnownFileType = sourcecode.c.objc; path = CEMtlParser.m; sourceTree = "<group>"; };
		260949171B0598EE00F7465B /* CEObjParser.h */ = {isa = PBXFileReference; fileEncoding = 4; lastKnownFileType = sourcecode.c.h; path = CEObjParser.h; sourceTree = "<group>"; };
		260949181B0598EE00F7465B /* CEObjParser.m */ = {isa = PBXFileReference; fileEncoding = 4; lastKnownFileType = sourcecode.c.objc; path = CEObjParser.m; sourceTree = "<group>"; };
		261089641AAD31AF0041E142 /* CEScene.h */ = {isa = PBXFileReference; fileEncoding = 4; lastKnownFileType = sourcecode.c.h; path = CEScene.h; sourceTree = "<group>"; };
		261089651AAD31AF0041E142 /* CEScene.m */ = {isa = PBXFileReference; fileEncoding = 4; lastKnownFileType = sourcecode.c.objc; path = CEScene.m; sourceTree = "<group>"; };
		261089671AAD31C60041E142 /* CECamera.h */ = {isa = PBXFileReference; fileEncoding = 4; lastKnownFileType = sourcecode.c.h; path = CECamera.h; sourceTree = "<group>"; };
		261089681AAD31C60041E142 /* CECamera.m */ = {isa = PBXFileReference; fileEncoding = 4; lastKnownFileType = sourcecode.c.objc; path = CECamera.m; sourceTree = "<group>"; };
		2610896E1AAD3D700041E142 /* CECamera_Rendering.h */ = {isa = PBXFileReference; fileEncoding = 4; lastKnownFileType = sourcecode.c.h; path = CECamera_Rendering.h; sourceTree = "<group>"; };
		26193F481AA8324600787C64 /* libCubeEngine.a */ = {isa = PBXFileReference; explicitFileType = archive.ar; includeInIndex = 0; path = libCubeEngine.a; sourceTree = BUILT_PRODUCTS_DIR; };
		26193F4B1AA8324600787C64 /* CubeEngine.h */ = {isa = PBXFileReference; lastKnownFileType = sourcecode.c.h; path = CubeEngine.h; sourceTree = "<group>"; };
		26193F4D1AA8324600787C64 /* CubeEngine.m */ = {isa = PBXFileReference; lastKnownFileType = sourcecode.c.objc; path = CubeEngine.m; sourceTree = "<group>"; };
		26193F631AA8327A00787C64 /* CubeEngine-Prefix.pch */ = {isa = PBXFileReference; lastKnownFileType = sourcecode.c.h; path = "CubeEngine-Prefix.pch"; sourceTree = "<group>"; };
		26193F641AA832E400787C64 /* UIKit.framework */ = {isa = PBXFileReference; lastKnownFileType = wrapper.framework; name = UIKit.framework; path = System/Library/Frameworks/UIKit.framework; sourceTree = SDKROOT; };
		26193F661AA832E700787C64 /* GLKit.framework */ = {isa = PBXFileReference; lastKnownFileType = wrapper.framework; name = GLKit.framework; path = System/Library/Frameworks/GLKit.framework; sourceTree = SDKROOT; };
		26193F681AA832EB00787C64 /* QuartzCore.framework */ = {isa = PBXFileReference; lastKnownFileType = wrapper.framework; name = QuartzCore.framework; path = System/Library/Frameworks/QuartzCore.framework; sourceTree = SDKROOT; };
		26193F6A1AA832F000787C64 /* CoreGraphics.framework */ = {isa = PBXFileReference; lastKnownFileType = wrapper.framework; name = CoreGraphics.framework; path = System/Library/Frameworks/CoreGraphics.framework; sourceTree = SDKROOT; };
		26193F6C1AA832F800787C64 /* Foundation.framework */ = {isa = PBXFileReference; lastKnownFileType = wrapper.framework; name = Foundation.framework; path = System/Library/Frameworks/Foundation.framework; sourceTree = SDKROOT; };
		26193FBD1AA85F3F00787C64 /* CEProgram.h */ = {isa = PBXFileReference; fileEncoding = 4; lastKnownFileType = sourcecode.c.h; path = CEProgram.h; sourceTree = "<group>"; };
		26193FBE1AA85F3F00787C64 /* CEProgram.m */ = {isa = PBXFileReference; fileEncoding = 4; lastKnownFileType = sourcecode.c.objc; path = CEProgram.m; sourceTree = "<group>"; };
		2624A60F1B0AD234001E3F32 /* CEProgramConfig.h */ = {isa = PBXFileReference; fileEncoding = 4; lastKnownFileType = sourcecode.c.h; path = CEProgramConfig.h; sourceTree = "<group>"; };
		2624A6101B0AD234001E3F32 /* CEProgramConfig.m */ = {isa = PBXFileReference; fileEncoding = 4; lastKnownFileType = sourcecode.c.objc; path = CEProgramConfig.m; sourceTree = "<group>"; };
		2624AB961AD6286E00FC863C /* CERenderer.h */ = {isa = PBXFileReference; fileEncoding = 4; lastKnownFileType = sourcecode.c.h; path = CERenderer.h; sourceTree = "<group>"; };
		2624AB971AD6286E00FC863C /* CERenderer.m */ = {isa = PBXFileReference; fileEncoding = 4; lastKnownFileType = sourcecode.c.objc; path = CERenderer.m; sourceTree = "<group>"; };
		2624AB9C1AD62BAE00FC863C /* CETexture.h */ = {isa = PBXFileReference; fileEncoding = 4; lastKnownFileType = sourcecode.c.h; path = CETexture.h; sourceTree = "<group>"; };
		2624AB9D1AD62BAE00FC863C /* CETexture.m */ = {isa = PBXFileReference; fileEncoding = 4; lastKnownFileType = sourcecode.c.objc; path = CETexture.m; sourceTree = "<group>"; };
		2624AB9F1AD62BC800FC863C /* CEMaterial.h */ = {isa = PBXFileReference; fileEncoding = 4; lastKnownFileType = sourcecode.c.h; path = CEMaterial.h; sourceTree = "<group>"; };
		2624ABA01AD62BC800FC863C /* CEMaterial.m */ = {isa = PBXFileReference; fileEncoding = 4; lastKnownFileType = sourcecode.c.objc; path = CEMaterial.m; sourceTree = "<group>"; };
		2624ABA71AD6A56A00FC863C /* CEModel.h */ = {isa = PBXFileReference; fileEncoding = 4; lastKnownFileType = sourcecode.c.h; path = CEModel.h; sourceTree = "<group>"; };
		2624ABA81AD6A56A00FC863C /* CEModel.m */ = {isa = PBXFileReference; fileEncoding = 4; lastKnownFileType = sourcecode.c.objc; path = CEModel.m; sourceTree = "<group>"; };
		2624ABAA1AD6A85500FC863C /* CERenderManager.h */ = {isa = PBXFileReference; fileEncoding = 4; lastKnownFileType = sourcecode.c.h; path = CERenderManager.h; sourceTree = "<group>"; };
		2624ABAB1AD6A85500FC863C /* CERenderManager.m */ = {isa = PBXFileReference; fileEncoding = 4; lastKnownFileType = sourcecode.c.objc; path = CERenderManager.m; sourceTree = "<group>"; };
		2624ABAD1AD6ABC800FC863C /* CERenderer_V.h */ = {isa = PBXFileReference; fileEncoding = 4; lastKnownFileType = sourcecode.c.h; path = CERenderer_V.h; sourceTree = "<group>"; };
		2624ABAE1AD6ABC800FC863C /* CERenderer_V.m */ = {isa = PBXFileReference; fileEncoding = 4; lastKnownFileType = sourcecode.c.objc; path = CERenderer_V.m; sourceTree = "<group>"; };
		2625B8BD1AE7D18A002FD478 /* CELight_Rendering.h */ = {isa = PBXFileReference; fileEncoding = 4; lastKnownFileType = sourcecode.c.h; path = CELight_Rendering.h; sourceTree = "<group>"; };
		2625B8BE1AE7D340002FD478 /* CEDirectionalLight.h */ = {isa = PBXFileReference; fileEncoding = 4; lastKnownFileType = sourcecode.c.h; path = CEDirectionalLight.h; sourceTree = "<group>"; };
		2625B8BF1AE7D340002FD478 /* CEDirectionalLight.m */ = {isa = PBXFileReference; fileEncoding = 4; lastKnownFileType = sourcecode.c.objc; path = CEDirectionalLight.m; sourceTree = "<group>"; };
		263BBBDF1AB91A3600F88F65 /* CEUtils.h */ = {isa = PBXFileReference; fileEncoding = 4; lastKnownFileType = sourcecode.c.h; path = CEUtils.h; sourceTree = "<group>"; };
		263BBBE01AB91A3600F88F65 /* CEUtils.m */ = {isa = PBXFileReference; fileEncoding = 4; lastKnownFileType = sourcecode.c.objc; path = CEUtils.m; sourceTree = "<group>"; };
		263C88EC1AA98DEB005A2623 /* CEDefines.h */ = {isa = PBXFileReference; lastKnownFileType = sourcecode.c.h; path = CEDefines.h; sourceTree = "<group>"; };
		263C8E5C1AE5F546004FDFE8 /* CELight.h */ = {isa = PBXFileReference; fileEncoding = 4; lastKnownFileType = sourcecode.c.h; path = CELight.h; sourceTree = "<group>"; };
		263C8E5D1AE5F546004FDFE8 /* CELight.m */ = {isa = PBXFileReference; fileEncoding = 4; lastKnownFileType = sourcecode.c.objc; path = CELight.m; sourceTree = "<group>"; };
		263C8E5F1AE5FCCD004FDFE8 /* CERenderer_DirectionalLight.h */ = {isa = PBXFileReference; fileEncoding = 4; lastKnownFileType = sourcecode.c.h; path = CERenderer_DirectionalLight.h; sourceTree = "<group>"; };
		263C8E601AE5FCCD004FDFE8 /* CERenderer_DirectionalLight.m */ = {isa = PBXFileReference; fileEncoding = 4; lastKnownFileType = sourcecode.c.objc; path = CERenderer_DirectionalLight.m; sourceTree = "<group>"; };
		263C8E651AE62F8E004FDFE8 /* CERenderer_PointLight.h */ = {isa = PBXFileReference; fileEncoding = 4; lastKnownFileType = sourcecode.c.h; path = CERenderer_PointLight.h; sourceTree = "<group>"; };
		263C8E661AE62F8E004FDFE8 /* CERenderer_PointLight.m */ = {isa = PBXFileReference; fileEncoding = 4; lastKnownFileType = sourcecode.c.objc; path = CERenderer_PointLight.m; sourceTree = "<group>"; };
		265878691AD7C99100BA2137 /* CEWireframeRenderer.h */ = {isa = PBXFileReference; fileEncoding = 4; lastKnownFileType = sourcecode.c.h; path = CEWireframeRenderer.h; sourceTree = "<group>"; };
		2658786A1AD7C99100BA2137 /* CEWireframeRenderer.m */ = {isa = PBXFileReference; fileEncoding = 4; lastKnownFileType = sourcecode.c.objc; path = CEWireframeRenderer.m; sourceTree = "<group>"; };
		265ACD571AB2D406000277F2 /* CEObject.h */ = {isa = PBXFileReference; fileEncoding = 4; lastKnownFileType = sourcecode.c.h; path = CEObject.h; sourceTree = "<group>"; };
		265ACD581AB2D406000277F2 /* CEObject.m */ = {isa = PBXFileReference; fileEncoding = 4; lastKnownFileType = sourcecode.c.objc; path = CEObject.m; sourceTree = "<group>"; };
		267F4D7E1B0CD26200F25452 /* CEShaders.h */ = {isa = PBXFileReference; lastKnownFileType = sourcecode.c.h; path = CEShaders.h; sourceTree = "<group>"; };
		267F4D7F1B0CD81100F25452 /* CEMainProgram.h */ = {isa = PBXFileReference; fileEncoding = 4; lastKnownFileType = sourcecode.c.h; path = CEMainProgram.h; sourceTree = "<group>"; };
		267F4D801B0CD81100F25452 /* CEMainProgram.m */ = {isa = PBXFileReference; fileEncoding = 4; lastKnownFileType = sourcecode.c.objc; path = CEMainProgram.m; sourceTree = "<group>"; };
		268CBC591ADCB72C00795A6D /* CEIndicesBuffer.h */ = {isa = PBXFileReference; fileEncoding = 4; lastKnownFileType = sourcecode.c.h; path = CEIndicesBuffer.h; sourceTree = "<group>"; };
		268CBC5A1ADCB72C00795A6D /* CEIndicesBuffer.m */ = {isa = PBXFileReference; fileEncoding = 4; lastKnownFileType = sourcecode.c.objc; path = CEIndicesBuffer.m; sourceTree = "<group>"; };
		268CBC601ADCC6BD00795A6D /* CEModel_Rendering.h */ = {isa = PBXFileReference; fileEncoding = 4; lastKnownFileType = sourcecode.c.h; path = CEModel_Rendering.h; sourceTree = "<group>"; };
		2690E8521AEA2F8E000BDD8F /* CEPointLight.h */ = {isa = PBXFileReference; fileEncoding = 4; lastKnownFileType = sourcecode.c.h; path = CEPointLight.h; sourceTree = "<group>"; };
		2690E8531AEA2F8E000BDD8F /* CEPointLight.m */ = {isa = PBXFileReference; fileEncoding = 4; lastKnownFileType = sourcecode.c.objc; path = CEPointLight.m; sourceTree = "<group>"; };
		2692498A1B02E7F70069892D /* CETextureRenderer.h */ = {isa = PBXFileReference; fileEncoding = 4; lastKnownFileType = sourcecode.c.h; path = CETextureRenderer.h; sourceTree = "<group>"; };
		2692498B1B02E7F70069892D /* CETextureRenderer.m */ = {isa = PBXFileReference; fileEncoding = 4; lastKnownFileType = sourcecode.c.objc; path = CETextureRenderer.m; sourceTree = "<group>"; };
		269249931B033D4A0069892D /* CEBufferGroup.h */ = {isa = PBXFileReference; fileEncoding = 4; lastKnownFileType = sourcecode.c.h; path = CEBufferGroup.h; sourceTree = "<group>"; };
		269249941B033D4A0069892D /* CEBufferGroup.m */ = {isa = PBXFileReference; fileEncoding = 4; lastKnownFileType = sourcecode.c.objc; path = CEBufferGroup.m; sourceTree = "<group>"; };
		269608EB1AF85E750045FB03 /* CEView.h */ = {isa = PBXFileReference; fileEncoding = 4; lastKnownFileType = sourcecode.c.h; path = CEView.h; sourceTree = "<group>"; };
		269608EC1AF85E750045FB03 /* CEView.m */ = {isa = PBXFileReference; fileEncoding = 4; lastKnownFileType = sourcecode.c.objc; path = CEView.m; sourceTree = "<group>"; };
		269608EE1AF85E9C0045FB03 /* CEViewController.h */ = {isa = PBXFileReference; fileEncoding = 4; lastKnownFileType = sourcecode.c.h; path = CEViewController.h; sourceTree = "<group>"; };
		269608EF1AF85E9C0045FB03 /* CEViewController.m */ = {isa = PBXFileReference; fileEncoding = 4; lastKnownFileType = sourcecode.c.objc; path = CEViewController.m; sourceTree = "<group>"; };
		269608FB1AF8B6430045FB03 /* CEView_Rendering.h */ = {isa = PBXFileReference; fileEncoding = 4; lastKnownFileType = sourcecode.c.h; path = CEView_Rendering.h; sourceTree = "<group>"; };
		269608FC1AF8C1990045FB03 /* CEScene_Rendering.h */ = {isa = PBXFileReference; fileEncoding = 4; lastKnownFileType = sourcecode.c.h; path = CEScene_Rendering.h; sourceTree = "<group>"; };
		269762671AE0AF52005E95DA /* CERenderer_Dev.h */ = {isa = PBXFileReference; fileEncoding = 4; lastKnownFileType = sourcecode.c.h; path = CERenderer_Dev.h; sourceTree = "<group>"; };
		269762681AE0AF52005E95DA /* CERenderer_Dev.m */ = {isa = PBXFileReference; fileEncoding = 4; lastKnownFileType = sourcecode.c.objc; path = CERenderer_Dev.m; sourceTree = "<group>"; };
		269F47681B0089030030CD55 /* CEShadowMapBuffer.h */ = {isa = PBXFileReference; fileEncoding = 4; lastKnownFileType = sourcecode.c.h; path = CEShadowMapBuffer.h; sourceTree = "<group>"; };
		269F47691B0089030030CD55 /* CEShadowMapBuffer.m */ = {isa = PBXFileReference; fileEncoding = 4; lastKnownFileType = sourcecode.c.objc; path = CEShadowMapBuffer.m; sourceTree = "<group>"; };
		269F476B1B00893D0030CD55 /* CEShadowMapRenderer.h */ = {isa = PBXFileReference; fileEncoding = 4; lastKnownFileType = sourcecode.c.h; path = CEShadowMapRenderer.h; sourceTree = "<group>"; };
		269F476C1B00893D0030CD55 /* CEShadowMapRenderer.m */ = {isa = PBXFileReference; fileEncoding = 4; lastKnownFileType = sourcecode.c.objc; path = CEShadowMapRenderer.m; sourceTree = "<group>"; };
		26A2468F1AFA06A800FB9B82 /* CEShadowMapGenerator.h */ = {isa = PBXFileReference; fileEncoding = 4; lastKnownFileType = sourcecode.c.h; path = CEShadowMapGenerator.h; sourceTree = "<group>"; };
		26A246901AFA06A800FB9B82 /* CEShadowMapGenerator.m */ = {isa = PBXFileReference; fileEncoding = 4; lastKnownFileType = sourcecode.c.objc; path = CEShadowMapGenerator.m; sourceTree = "<group>"; };
		26A4E1271ACD734900847553 /* CEObjFileLoader.h */ = {isa = PBXFileReference; fileEncoding = 4; lastKnownFileType = sourcecode.c.h; path = CEObjFileLoader.h; sourceTree = "<group>"; };
		26A4E1281ACD734900847553 /* CEObjFileLoader.m */ = {isa = PBXFileReference; fileEncoding = 4; lastKnownFileType = sourcecode.c.objc; path = CEObjFileLoader.m; sourceTree = "<group>"; };
		26A9A8D51AF7744200394A4C /* CERenderCore.h */ = {isa = PBXFileReference; fileEncoding = 4; lastKnownFileType = sourcecode.c.h; path = CERenderCore.h; sourceTree = "<group>"; };
		26A9A8D61AF7744200394A4C /* CERenderCore.m */ = {isa = PBXFileReference; fileEncoding = 4; lastKnownFileType = sourcecode.c.objc; path = CERenderCore.m; sourceTree = "<group>"; };
		26C3B72D1AE8CE090061BEFC /* CEBaseRenderer.h */ = {isa = PBXFileReference; fileEncoding = 4; lastKnownFileType = sourcecode.c.h; path = CEBaseRenderer.h; sourceTree = "<group>"; };
		26C3B72E1AE8CE090061BEFC /* CEBaseRenderer.m */ = {isa = PBXFileReference; fileEncoding = 4; lastKnownFileType = sourcecode.c.objc; path = CEBaseRenderer.m; sourceTree = "<group>"; };
		26C3B7301AE8F09F0061BEFC /* CELightInfo.h */ = {isa = PBXFileReference; fileEncoding = 4; lastKnownFileType = sourcecode.c.h; path = CELightInfo.h; sourceTree = "<group>"; };
		26C3B7311AE8F09F0061BEFC /* CELightInfo.m */ = {isa = PBXFileReference; fileEncoding = 4; lastKnownFileType = sourcecode.c.objc; path = CELightInfo.m; sourceTree = "<group>"; };
		26F7B7581AEE31C400BEDB01 /* CESpotLight.h */ = {isa = PBXFileReference; fileEncoding = 4; lastKnownFileType = sourcecode.c.h; path = CESpotLight.h; sourceTree = "<group>"; };
		26F7B7591AEE31C400BEDB01 /* CESpotLight.m */ = {isa = PBXFileReference; fileEncoding = 4; lastKnownFileType = sourcecode.c.objc; path = CESpotLight.m; sourceTree = "<group>"; };
		26F7FF8A1ADE3C3B0086D9D7 /* CERenderer_V_VN.h */ = {isa = PBXFileReference; fileEncoding = 4; lastKnownFileType = sourcecode.c.h; path = CERenderer_V_VN.h; sourceTree = "<group>"; };
		26F7FF8B1ADE3C3B0086D9D7 /* CERenderer_V_VN.m */ = {isa = PBXFileReference; fileEncoding = 4; lastKnownFileType = sourcecode.c.objc; path = CERenderer_V_VN.m; sourceTree = "<group>"; };
		26F7FF8D1ADE45660086D9D7 /* CEAssistRenderer.h */ = {isa = PBXFileReference; fileEncoding = 4; lastKnownFileType = sourcecode.c.h; path = CEAssistRenderer.h; sourceTree = "<group>"; };
		26F7FF8E1ADE45660086D9D7 /* CEAssistRenderer.m */ = {isa = PBXFileReference; fileEncoding = 4; lastKnownFileType = sourcecode.c.objc; path = CEAssistRenderer.m; sourceTree = "<group>"; };
		26FF85361B0A173C0075B971 /* CEMainRenderer.h */ = {isa = PBXFileReference; fileEncoding = 4; lastKnownFileType = sourcecode.c.h; path = CEMainRenderer.h; sourceTree = "<group>"; };
		26FF85371B0A173C0075B971 /* CEMainRenderer.m */ = {isa = PBXFileReference; fileEncoding = 4; lastKnownFileType = sourcecode.c.objc; path = CEMainRenderer.m; sourceTree = "<group>"; };
		4C05C9371B5A2E2500199887 /* CEShader_Backup.h */ = {isa = PBXFileReference; lastKnownFileType = sourcecode.c.h; path = CEShader_Backup.h; sourceTree = "<group>"; };
		4C1352061B835CEF008EA484 /* BuildTool */ = {isa = PBXFileReference; explicitFileType = "compiled.mach-o.executable"; includeInIndex = 0; path = BuildTool; sourceTree = BUILT_PRODUCTS_DIR; };
		4C1352131B83638B008EA484 /* BuildToolManager.h */ = {isa = PBXFileReference; fileEncoding = 4; lastKnownFileType = sourcecode.c.h; path = BuildToolManager.h; sourceTree = "<group>"; };
		4C1352141B83638B008EA484 /* BuildToolManager.m */ = {isa = PBXFileReference; fileEncoding = 4; lastKnownFileType = sourcecode.c.objc; path = BuildToolManager.m; sourceTree = "<group>"; };
		4C1352161B8364B2008EA484 /* main.m */ = {isa = PBXFileReference; fileEncoding = 4; lastKnownFileType = sourcecode.c.objc; path = main.m; sourceTree = "<group>"; };
		4C43A42E1ADC37C600761CA9 /* CEVertexBuffer.h */ = {isa = PBXFileReference; fileEncoding = 4; lastKnownFileType = sourcecode.c.h; path = CEVertexBuffer.h; sourceTree = "<group>"; };
		4C43A42F1ADC37C600761CA9 /* CEVertexBuffer.m */ = {isa = PBXFileReference; fileEncoding = 4; lastKnownFileType = sourcecode.c.objc; path = CEVertexBuffer.m; sourceTree = "<group>"; };
		4C43A4311ADC380A00761CA9 /* CEVBOAttribute.h */ = {isa = PBXFileReference; fileEncoding = 4; lastKnownFileType = sourcecode.c.h; path = CEVBOAttribute.h; sourceTree = "<group>"; };
		4C43A4321ADC380A00761CA9 /* CEVBOAttribute.m */ = {isa = PBXFileReference; fileEncoding = 4; lastKnownFileType = sourcecode.c.objc; path = CEVBOAttribute.m; sourceTree = "<group>"; };
		4C51F11C1B8B1ECB0052511E /* CEShaderFunctionInfo.h */ = {isa = PBXFileReference; fileEncoding = 4; lastKnownFileType = sourcecode.c.h; path = CEShaderFunctionInfo.h; sourceTree = "<group>"; };
		4C51F11D1B8B1ECB0052511E /* CEShaderFunctionInfo.m */ = {isa = PBXFileReference; fileEncoding = 4; lastKnownFileType = sourcecode.c.objc; path = CEShaderFunctionInfo.m; sourceTree = "<group>"; };
		4C51F1201B8B20DD0052511E /* CEShaderProfile.h */ = {isa = PBXFileReference; fileEncoding = 4; lastKnownFileType = sourcecode.c.h; path = CEShaderProfile.h; sourceTree = "<group>"; };
		4C51F1211B8B20DD0052511E /* CEShaderProfile.m */ = {isa = PBXFileReference; fileEncoding = 4; lastKnownFileType = sourcecode.c.objc; path = CEShaderProfile.m; sourceTree = "<group>"; };
		4C69C50E1B4D238D00ED44D2 /* CEShader_test.h */ = {isa = PBXFileReference; lastKnownFileType = sourcecode.c.h; path = CEShader_test.h; sourceTree = "<group>"; };
		4C9D75911B8EEAA900AEA174 /* template.glsl */ = {isa = PBXFileReference; fileEncoding = 4; lastKnownFileType = text; path = template.glsl; sourceTree = "<group>"; };
		4C9D75921B8EFAF600AEA174 /* CEShaderLinkFunctionInfo.h */ = {isa = PBXFileReference; fileEncoding = 4; lastKnownFileType = sourcecode.c.h; path = CEShaderLinkFunctionInfo.h; sourceTree = "<group>"; };
		4C9D75931B8EFAF600AEA174 /* CEShaderLinkFunctionInfo.m */ = {isa = PBXFileReference; fileEncoding = 4; lastKnownFileType = sourcecode.c.objc; path = CEShaderLinkFunctionInfo.m; sourceTree = "<group>"; };
		4CBD44221B723AB600D72831 /* CEShaderVariable.h */ = {isa = PBXFileReference; fileEncoding = 4; lastKnownFileType = sourcecode.c.h; path = CEShaderVariable.h; sourceTree = "<group>"; };
		4CBD44231B723AB600D72831 /* CEShaderVariable.m */ = {isa = PBXFileReference; fileEncoding = 4; lastKnownFileType = sourcecode.c.objc; path = CEShaderVariable.m; sourceTree = "<group>"; };
		4CBD44251B72453500D72831 /* CEShaderStruct.h */ = {isa = PBXFileReference; fileEncoding = 4; lastKnownFileType = sourcecode.c.h; path = CEShaderStruct.h; sourceTree = "<group>"; };
		4CBD44261B72453500D72831 /* CEShaderStruct.m */ = {isa = PBXFileReference; fileEncoding = 4; lastKnownFileType = sourcecode.c.objc; path = CEShaderStruct.m; sourceTree = "<group>"; };
		4CCBB3F71B842A0E00200C4E /* CEShaderBuilder.h */ = {isa = PBXFileReference; fileEncoding = 4; lastKnownFileType = sourcecode.c.h; path = CEShaderBuilder.h; sourceTree = "<group>"; };
		4CCBB3F81B842A0E00200C4E /* CEShaderBuilder.m */ = {isa = PBXFileReference; fileEncoding = 4; lastKnownFileType = sourcecode.c.objc; path = CEShaderBuilder.m; sourceTree = "<group>"; };
		4CCBB3FA1B842A8400200C4E /* CEShaderBuildResult.h */ = {isa = PBXFileReference; fileEncoding = 4; lastKnownFileType = sourcecode.c.h; path = CEShaderBuildResult.h; sourceTree = "<group>"; };
		4CCBB3FB1B842A8400200C4E /* CEShaderBuildResult.m */ = {isa = PBXFileReference; fileEncoding = 4; lastKnownFileType = sourcecode.c.objc; path = CEShaderBuildResult.m; sourceTree = "<group>"; };
		4CCBB3FE1B842F3100200C4E /* CEShaderProfileParser.h */ = {isa = PBXFileReference; fileEncoding = 4; lastKnownFileType = sourcecode.c.h; path = CEShaderProfileParser.h; sourceTree = "<group>"; };
		4CCBB3FF1B842F3100200C4E /* CEShaderProfileParser.m */ = {isa = PBXFileReference; fileEncoding = 4; lastKnownFileType = sourcecode.c.objc; path = CEShaderProfileParser.m; sourceTree = "<group>"; };
		4CD480921B40E7B40044517C /* CELightUniforms.h */ = {isa = PBXFileReference; fileEncoding = 4; lastKnownFileType = sourcecode.c.h; path = CELightUniforms.h; sourceTree = "<group>"; };
		4CD480931B40E7B40044517C /* CELightUniforms.m */ = {isa = PBXFileReference; fileEncoding = 4; lastKnownFileType = sourcecode.c.objc; path = CELightUniforms.m; sourceTree = "<group>"; };
		4CD9CA9D1B8AB56600FDE357 /* CEShaderVariableInfo.h */ = {isa = PBXFileReference; fileEncoding = 4; lastKnownFileType = sourcecode.c.h; path = CEShaderVariableInfo.h; sourceTree = "<group>"; };
		4CD9CA9E1B8AB56600FDE357 /* CEShaderVariableInfo.m */ = {isa = PBXFileReference; fileEncoding = 4; lastKnownFileType = sourcecode.c.objc; path = CEShaderVariableInfo.m; sourceTree = "<group>"; };
		4CD9CAA21B8AC1FB00FDE357 /* CECodingObject.h */ = {isa = PBXFileReference; fileEncoding = 4; lastKnownFileType = sourcecode.c.h; path = CECodingObject.h; sourceTree = "<group>"; };
		4CD9CAA31B8AC1FB00FDE357 /* CECodingObject.m */ = {isa = PBXFileReference; fileEncoding = 4; lastKnownFileType = sourcecode.c.objc; path = CECodingObject.m; sourceTree = "<group>"; };
		4CD9EB931B3BF7D400C6FCB5 /* CEShadowLight.h */ = {isa = PBXFileReference; fileEncoding = 4; lastKnownFileType = sourcecode.c.h; path = CEShadowLight.h; sourceTree = "<group>"; };
		4CD9EB941B3BF7D400C6FCB5 /* CEShadowLight.m */ = {isa = PBXFileReference; fileEncoding = 4; lastKnownFileType = sourcecode.c.objc; path = CEShadowLight.m; sourceTree = "<group>"; };
		4CD9EB961B3BF81D00C6FCB5 /* CEShadowLight_Rendering.h */ = {isa = PBXFileReference; fileEncoding = 4; lastKnownFileType = sourcecode.c.h; path = CEShadowLight_Rendering.h; sourceTree = "<group>"; };
		4CF306B31B8DB0A0009544DC /* TestFunction1.vert */ = {isa = PBXFileReference; fileEncoding = 4; lastKnownFileType = sourcecode.glsl; path = TestFunction1.vert; sourceTree = "<group>"; };
		4CF306B41B8DB17C009544DC /* TestFunction2.vert */ = {isa = PBXFileReference; fileEncoding = 4; lastKnownFileType = sourcecode.glsl; path = TestFunction2.vert; sourceTree = "<group>"; };
		4CF306B51B8DB290009544DC /* TestFunction3.vert */ = {isa = PBXFileReference; fileEncoding = 4; lastKnownFileType = sourcecode.glsl; path = TestFunction3.vert; sourceTree = "<group>"; };
		4CF4036F1B73853300C02BAE /* CEShaderBool.h */ = {isa = PBXFileReference; fileEncoding = 4; lastKnownFileType = sourcecode.c.h; path = CEShaderBool.h; sourceTree = "<group>"; };
		4CF403701B73853300C02BAE /* CEShaderBool.m */ = {isa = PBXFileReference; fileEncoding = 4; lastKnownFileType = sourcecode.c.objc; path = CEShaderBool.m; sourceTree = "<group>"; };
		4CF403731B73862900C02BAE /* CEShaderVector2.h */ = {isa = PBXFileReference; fileEncoding = 4; lastKnownFileType = sourcecode.c.h; path = CEShaderVector2.h; sourceTree = "<group>"; };
		4CF403741B73862900C02BAE /* CEShaderVector2.m */ = {isa = PBXFileReference; fileEncoding = 4; lastKnownFileType = sourcecode.c.objc; path = CEShaderVector2.m; sourceTree = "<group>"; };
		4CF403761B73864900C02BAE /* CEShaderInteger.h */ = {isa = PBXFileReference; fileEncoding = 4; lastKnownFileType = sourcecode.c.h; path = CEShaderInteger.h; sourceTree = "<group>"; };
		4CF403771B73864900C02BAE /* CEShaderInteger.m */ = {isa = PBXFileReference; fileEncoding = 4; lastKnownFileType = sourcecode.c.objc; path = CEShaderInteger.m; sourceTree = "<group>"; };
		4CF403791B73866800C02BAE /* CEShaderFloat.h */ = {isa = PBXFileReference; fileEncoding = 4; lastKnownFileType = sourcecode.c.h; path = CEShaderFloat.h; sourceTree = "<group>"; };
		4CF4037A1B73866800C02BAE /* CEShaderFloat.m */ = {isa = PBXFileReference; fileEncoding = 4; lastKnownFileType = sourcecode.c.objc; path = CEShaderFloat.m; sourceTree = "<group>"; };
		4CF4037C1B73868600C02BAE /* CEShaderVector3.h */ = {isa = PBXFileReference; fileEncoding = 4; lastKnownFileType = sourcecode.c.h; path = CEShaderVector3.h; sourceTree = "<group>"; };
		4CF4037D1B73868600C02BAE /* CEShaderVector3.m */ = {isa = PBXFileReference; fileEncoding = 4; lastKnownFileType = sourcecode.c.objc; path = CEShaderVector3.m; sourceTree = "<group>"; };
		4CF4037F1B7386A400C02BAE /* CEShaderVector4.h */ = {isa = PBXFileReference; fileEncoding = 4; lastKnownFileType = sourcecode.c.h; path = CEShaderVector4.h; sourceTree = "<group>"; };
		4CF403801B7386A400C02BAE /* CEShaderVector4.m */ = {isa = PBXFileReference; fileEncoding = 4; lastKnownFileType = sourcecode.c.objc; path = CEShaderVector4.m; sourceTree = "<group>"; };
		4CF403821B7386B000C02BAE /* CEShaderMatrix2.h */ = {isa = PBXFileReference; fileEncoding = 4; lastKnownFileType = sourcecode.c.h; path = CEShaderMatrix2.h; sourceTree = "<group>"; };
		4CF403831B7386B000C02BAE /* CEShaderMatrix2.m */ = {isa = PBXFileReference; fileEncoding = 4; lastKnownFileType = sourcecode.c.objc; path = CEShaderMatrix2.m; sourceTree = "<group>"; };
		4CF403851B7386BA00C02BAE /* CEShaderMatrix3.h */ = {isa = PBXFileReference; fileEncoding = 4; lastKnownFileType = sourcecode.c.h; path = CEShaderMatrix3.h; sourceTree = "<group>"; };
		4CF403861B7386BA00C02BAE /* CEShaderMatrix3.m */ = {isa = PBXFileReference; fileEncoding = 4; lastKnownFileType = sourcecode.c.objc; path = CEShaderMatrix3.m; sourceTree = "<group>"; };
		4CF403881B7386C200C02BAE /* CEShaderMatrix4.h */ = {isa = PBXFileReference; fileEncoding = 4; lastKnownFileType = sourcecode.c.h; path = CEShaderMatrix4.h; sourceTree = "<group>"; };
		4CF403891B7386C200C02BAE /* CEShaderMatrix4.m */ = {isa = PBXFileReference; fileEncoding = 4; lastKnownFileType = sourcecode.c.objc; path = CEShaderMatrix4.m; sourceTree = "<group>"; };
		4CF4038B1B7386CD00C02BAE /* CEShaderSample2D.h */ = {isa = PBXFileReference; fileEncoding = 4; lastKnownFileType = sourcecode.c.h; path = CEShaderSample2D.h; sourceTree = "<group>"; };
		4CF4038C1B7386CD00C02BAE /* CEShaderSample2D.m */ = {isa = PBXFileReference; fileEncoding = 4; lastKnownFileType = sourcecode.c.objc; path = CEShaderSample2D.m; sourceTree = "<group>"; };
		4CF403911B73887600C02BAE /* CEShaderAttribute.h */ = {isa = PBXFileReference; fileEncoding = 4; lastKnownFileType = sourcecode.c.h; path = CEShaderAttribute.h; sourceTree = "<group>"; };
		4CF403921B73887600C02BAE /* CEShaderAttribute.m */ = {isa = PBXFileReference; fileEncoding = 4; lastKnownFileType = sourcecode.c.objc; path = CEShaderAttribute.m; sourceTree = "<group>"; };
		4CF403941B7388CE00C02BAE /* CEShaderVariable_privates.h */ = {isa = PBXFileReference; fileEncoding = 4; lastKnownFileType = sourcecode.c.h; path = CEShaderVariable_privates.h; sourceTree = "<group>"; };
		4CF5CCA01B8C0D7F0048E833 /* CEJsonCoding.h */ = {isa = PBXFileReference; fileEncoding = 4; lastKnownFileType = sourcecode.c.h; path = CEJsonCoding.h; sourceTree = "<group>"; };
		4CF5CCA71B8C66570048E833 /* Main.vert */ = {isa = PBXFileReference; fileEncoding = 4; lastKnownFileType = sourcecode.glsl; path = Main.vert; sourceTree = "<group>"; };
		4CF5CCA81B8C665E0048E833 /* Main.frag */ = {isa = PBXFileReference; fileEncoding = 4; lastKnownFileType = sourcecode.glsl; path = Main.frag; sourceTree = "<group>"; };
		4CF7CDC21B8434F40093C32D /* CEDirectoryDefines.h */ = {isa = PBXFileReference; lastKnownFileType = sourcecode.c.h; path = CEDirectoryDefines.h; sourceTree = "<group>"; };
		4CF7CDC31B84614C0093C32D /* BaseLightEffect.vert */ = {isa = PBXFileReference; lastKnownFileType = sourcecode.glsl; path = BaseLightEffect.vert; sourceTree = "<group>"; };
		4CF7CDC41B84614C0093C32D /* BaseLightEffect.frag */ = {isa = PBXFileReference; lastKnownFileType = sourcecode.glsl; path = BaseLightEffect.frag; sourceTree = "<group>"; };
		4CF7CDC51B8464B30093C32D /* DirectionalLightFunction.vert */ = {isa = PBXFileReference; fileEncoding = 4; lastKnownFileType = sourcecode.glsl; path = DirectionalLightFunction.vert; sourceTree = "<group>"; };
		4CF7CDC61B84665E0093C32D /* PointLightFunciton.vert */ = {isa = PBXFileReference; fileEncoding = 4; lastKnownFileType = sourcecode.glsl; path = PointLightFunciton.vert; sourceTree = "<group>"; };
		4CF7CDC71B84669F0093C32D /* SpotLightFunction.vert */ = {isa = PBXFileReference; fileEncoding = 4; lastKnownFileType = sourcecode.glsl; path = SpotLightFunction.vert; sourceTree = "<group>"; };
/* End PBXFileReference section */

/* Begin PBXFrameworksBuildPhase section */
		26193F451AA8324600787C64 /* Frameworks */ = {
			isa = PBXFrameworksBuildPhase;
			buildActionMask = 2147483647;
			files = (
				26193F6D1AA832F800787C64 /* Foundation.framework in Frameworks */,
				26193F6B1AA832F000787C64 /* CoreGraphics.framework in Frameworks */,
				26193F691AA832EB00787C64 /* QuartzCore.framework in Frameworks */,
				26193F671AA832E700787C64 /* GLKit.framework in Frameworks */,
				26193F651AA832E400787C64 /* UIKit.framework in Frameworks */,
			);
			runOnlyForDeploymentPostprocessing = 0;
		};
		4C1352031B835CEF008EA484 /* Frameworks */ = {
			isa = PBXFrameworksBuildPhase;
			buildActionMask = 2147483647;
			files = (
			);
			runOnlyForDeploymentPostprocessing = 0;
		};
/* End PBXFrameworksBuildPhase section */

/* Begin PBXGroup section */
		2608E2351B78FAF700E9F601 /* Structs */ = {
			isa = PBXGroup;
			children = (
				4CBD44251B72453500D72831 /* CEShaderStruct.h */,
				4CBD44261B72453500D72831 /* CEShaderStruct.m */,
				2608E2361B78FBB500E9F601 /* CEShaderStruct_privates.h */,
				2608E2371B78FCB500E9F601 /* CEShaderLightInfo.h */,
				2608E2381B78FCB500E9F601 /* CEShaderLightInfo.m */,
			);
			name = Structs;
			sourceTree = "<group>";
		};
		260949101B0597E200F7465B /* ObjFileLoader */ = {
			isa = PBXGroup;
			children = (
				26A4E1271ACD734900847553 /* CEObjFileLoader.h */,
				26A4E1281ACD734900847553 /* CEObjFileLoader.m */,
				260949171B0598EE00F7465B /* CEObjParser.h */,
				260949181B0598EE00F7465B /* CEObjParser.m */,
				260949141B0598E000F7465B /* CEMtlParser.h */,
				260949151B0598E000F7465B /* CEMtlParser.m */,
				260949111B05981600F7465B /* CEObjMeshInfo.h */,
				260949121B05981600F7465B /* CEObjMeshInfo.m */,
			);
			name = ObjFileLoader;
			sourceTree = "<group>";
		};
		2610896A1AAD31CE0041E142 /* Render */ = {
			isa = PBXGroup;
			children = (
				4CBD44211B723A8200D72831 /* Shader */,
				2624A6121B0B1943001E3F32 /* Program */,
				26A9A8D51AF7744200394A4C /* CERenderCore.h */,
				26A9A8D61AF7744200394A4C /* CERenderCore.m */,
				2624ABAA1AD6A85500FC863C /* CERenderManager.h */,
				2624ABAB1AD6A85500FC863C /* CERenderManager.m */,
				26FF85361B0A173C0075B971 /* CEMainRenderer.h */,
				26FF85371B0A173C0075B971 /* CEMainRenderer.m */,
				269F476B1B00893D0030CD55 /* CEShadowMapRenderer.h */,
				269F476C1B00893D0030CD55 /* CEShadowMapRenderer.m */,
				265878691AD7C99100BA2137 /* CEWireframeRenderer.h */,
				2658786A1AD7C99100BA2137 /* CEWireframeRenderer.m */,
				26F7FF8D1ADE45660086D9D7 /* CEAssistRenderer.h */,
				26F7FF8E1ADE45660086D9D7 /* CEAssistRenderer.m */,
				26F1C3A61AEF342C0007ACB6 /* Deprecated */,
			);
			name = Render;
			sourceTree = "<group>";
		};
		2610896B1AAD31E40041E142 /* 3DScene */ = {
			isa = PBXGroup;
			children = (
				261089641AAD31AF0041E142 /* CEScene.h */,
				261089651AAD31AF0041E142 /* CEScene.m */,
				269608FC1AF8C1990045FB03 /* CEScene_Rendering.h */,
				265ACD571AB2D406000277F2 /* CEObject.h */,
				265ACD581AB2D406000277F2 /* CEObject.m */,
				2624ABA71AD6A56A00FC863C /* CEModel.h */,
				2624ABA81AD6A56A00FC863C /* CEModel.m */,
				268CBC601ADCC6BD00795A6D /* CEModel_Rendering.h */,
				2624AB9C1AD62BAE00FC863C /* CETexture.h */,
				2624AB9D1AD62BAE00FC863C /* CETexture.m */,
				2624AB9F1AD62BC800FC863C /* CEMaterial.h */,
				2624ABA01AD62BC800FC863C /* CEMaterial.m */,
				261089671AAD31C60041E142 /* CECamera.h */,
				261089681AAD31C60041E142 /* CECamera.m */,
				2610896E1AAD3D700041E142 /* CECamera_Rendering.h */,
				2625B8BC1AE7D0D4002FD478 /* Light */,
				268CBC5C1ADCBD6600795A6D /* Buffers */,
			);
			name = 3DScene;
			sourceTree = "<group>";
		};
		2610896C1AAD31FF0041E142 /* Support */ = {
			isa = PBXGroup;
			children = (
				26193F631AA8327A00787C64 /* CubeEngine-Prefix.pch */,
			);
			name = Support;
			sourceTree = "<group>";
		};
		26193F3F1AA8324600787C64 = {
			isa = PBXGroup;
			children = (
				26193F4A1AA8324600787C64 /* CubeEngine */,
				4C1352071B835CEF008EA484 /* BuildTool */,
				26193F621AA8326900787C64 /* Frameworks */,
				26193F491AA8324600787C64 /* Products */,
			);
			sourceTree = "<group>";
		};
		26193F491AA8324600787C64 /* Products */ = {
			isa = PBXGroup;
			children = (
				26193F481AA8324600787C64 /* libCubeEngine.a */,
				4C1352061B835CEF008EA484 /* BuildTool */,
			);
			name = Products;
			sourceTree = "<group>";
		};
		26193F4A1AA8324600787C64 /* CubeEngine */ = {
			isa = PBXGroup;
			children = (
				26193F4B1AA8324600787C64 /* CubeEngine.h */,
				26193F4D1AA8324600787C64 /* CubeEngine.m */,
				263C88EC1AA98DEB005A2623 /* CEDefines.h */,
				269608EB1AF85E750045FB03 /* CEView.h */,
				269608EC1AF85E750045FB03 /* CEView.m */,
				269608FB1AF8B6430045FB03 /* CEView_Rendering.h */,
				269608EE1AF85E9C0045FB03 /* CEViewController.h */,
				269608EF1AF85E9C0045FB03 /* CEViewController.m */,
				4C3992191B2AD6F500AC4B53 /* Common */,
				2610896B1AAD31E40041E142 /* 3DScene */,
				2610896A1AAD31CE0041E142 /* Render */,
				260949101B0597E200F7465B /* ObjFileLoader */,
				2610896C1AAD31FF0041E142 /* Support */,
			);
			path = CubeEngine;
			sourceTree = "<group>";
		};
		26193F621AA8326900787C64 /* Frameworks */ = {
			isa = PBXGroup;
			children = (
				26193F6C1AA832F800787C64 /* Foundation.framework */,
				26193F6A1AA832F000787C64 /* CoreGraphics.framework */,
				26193F681AA832EB00787C64 /* QuartzCore.framework */,
				26193F661AA832E700787C64 /* GLKit.framework */,
				26193F641AA832E400787C64 /* UIKit.framework */,
			);
			name = Frameworks;
			sourceTree = "<group>";
		};
		2624A6121B0B1943001E3F32 /* Program */ = {
			isa = PBXGroup;
			children = (
				267F4D7E1B0CD26200F25452 /* CEShaders.h */,
				4C05C9371B5A2E2500199887 /* CEShader_Backup.h */,
				4C69C50E1B4D238D00ED44D2 /* CEShader_test.h */,
				2624A60F1B0AD234001E3F32 /* CEProgramConfig.h */,
				2624A6101B0AD234001E3F32 /* CEProgramConfig.m */,
				267F4D7F1B0CD81100F25452 /* CEMainProgram.h */,
				267F4D801B0CD81100F25452 /* CEMainProgram.m */,
				4CD480921B40E7B40044517C /* CELightUniforms.h */,
				4CD480931B40E7B40044517C /* CELightUniforms.m */,
			);
			name = Program;
			sourceTree = "<group>";
		};
		2625B8BC1AE7D0D4002FD478 /* Light */ = {
			isa = PBXGroup;
			children = (
				263C8E5C1AE5F546004FDFE8 /* CELight.h */,
				263C8E5D1AE5F546004FDFE8 /* CELight.m */,
				2625B8BD1AE7D18A002FD478 /* CELight_Rendering.h */,
				4CD9EB931B3BF7D400C6FCB5 /* CEShadowLight.h */,
				4CD9EB941B3BF7D400C6FCB5 /* CEShadowLight.m */,
				4CD9EB961B3BF81D00C6FCB5 /* CEShadowLight_Rendering.h */,
				2625B8BE1AE7D340002FD478 /* CEDirectionalLight.h */,
				2625B8BF1AE7D340002FD478 /* CEDirectionalLight.m */,
				2690E8521AEA2F8E000BDD8F /* CEPointLight.h */,
				2690E8531AEA2F8E000BDD8F /* CEPointLight.m */,
				26F7B7581AEE31C400BEDB01 /* CESpotLight.h */,
				26F7B7591AEE31C400BEDB01 /* CESpotLight.m */,
				26C3B7301AE8F09F0061BEFC /* CELightInfo.h */,
				26C3B7311AE8F09F0061BEFC /* CELightInfo.m */,
			);
			name = Light;
			sourceTree = "<group>";
		};
		268CBC5C1ADCBD6600795A6D /* Buffers */ = {
			isa = PBXGroup;
			children = (
				269249931B033D4A0069892D /* CEBufferGroup.h */,
				269249941B033D4A0069892D /* CEBufferGroup.m */,
				4C43A42E1ADC37C600761CA9 /* CEVertexBuffer.h */,
				4C43A42F1ADC37C600761CA9 /* CEVertexBuffer.m */,
				268CBC591ADCB72C00795A6D /* CEIndicesBuffer.h */,
				268CBC5A1ADCB72C00795A6D /* CEIndicesBuffer.m */,
				269F47681B0089030030CD55 /* CEShadowMapBuffer.h */,
				269F47691B0089030030CD55 /* CEShadowMapBuffer.m */,
			);
			name = Buffers;
			sourceTree = "<group>";
		};
		26F1C3A61AEF342C0007ACB6 /* Deprecated */ = {
			isa = PBXGroup;
			children = (
				2624AB961AD6286E00FC863C /* CERenderer.h */,
				2624AB971AD6286E00FC863C /* CERenderer.m */,
				26036FB01AF1CEA900A1B84D /* CEShadowRenderer.h */,
				26036FB11AF1CEA900A1B84D /* CEShadowRenderer.m */,
				2692498A1B02E7F70069892D /* CETextureRenderer.h */,
				2692498B1B02E7F70069892D /* CETextureRenderer.m */,
				26C3B72D1AE8CE090061BEFC /* CEBaseRenderer.h */,
				26C3B72E1AE8CE090061BEFC /* CEBaseRenderer.m */,
				26A2468F1AFA06A800FB9B82 /* CEShadowMapGenerator.h */,
				26A246901AFA06A800FB9B82 /* CEShadowMapGenerator.m */,
				2624ABAD1AD6ABC800FC863C /* CERenderer_V.h */,
				2624ABAE1AD6ABC800FC863C /* CERenderer_V.m */,
				26F7FF8A1ADE3C3B0086D9D7 /* CERenderer_V_VN.h */,
				26F7FF8B1ADE3C3B0086D9D7 /* CERenderer_V_VN.m */,
				269762671AE0AF52005E95DA /* CERenderer_Dev.h */,
				269762681AE0AF52005E95DA /* CERenderer_Dev.m */,
				263C8E5F1AE5FCCD004FDFE8 /* CERenderer_DirectionalLight.h */,
				263C8E601AE5FCCD004FDFE8 /* CERenderer_DirectionalLight.m */,
				263C8E651AE62F8E004FDFE8 /* CERenderer_PointLight.h */,
				263C8E661AE62F8E004FDFE8 /* CERenderer_PointLight.m */,
			);
			name = Deprecated;
			sourceTree = "<group>";
		};
		4C1352071B835CEF008EA484 /* BuildTool */ = {
			isa = PBXGroup;
			children = (
				4C1352121B8362B0008EA484 /* source */,
			);
			path = BuildTool;
			sourceTree = "<group>";
		};
		4C1352121B8362B0008EA484 /* source */ = {
			isa = PBXGroup;
			children = (
				4C1352161B8364B2008EA484 /* main.m */,
				4C1352131B83638B008EA484 /* BuildToolManager.h */,
				4C1352141B83638B008EA484 /* BuildToolManager.m */,
			);
			path = source;
			sourceTree = "<group>";
		};
		4C3992191B2AD6F500AC4B53 /* Common */ = {
			isa = PBXGroup;
			children = (
				4CF7CDC21B8434F40093C32D /* CEDirectoryDefines.h */,
				263BBBDF1AB91A3600F88F65 /* CEUtils.h */,
				263BBBE01AB91A3600F88F65 /* CEUtils.m */,
				4C43A4311ADC380A00761CA9 /* CEVBOAttribute.h */,
				4C43A4321ADC380A00761CA9 /* CEVBOAttribute.m */,
				26193FBD1AA85F3F00787C64 /* CEProgram.h */,
				26193FBE1AA85F3F00787C64 /* CEProgram.m */,
				4CD9CAA21B8AC1FB00FDE357 /* CECodingObject.h */,
				4CD9CAA31B8AC1FB00FDE357 /* CECodingObject.m */,
				4CF5CCA01B8C0D7F0048E833 /* CEJsonCoding.h */,
			);
			name = Common;
			sourceTree = "<group>";
		};
		4CBD44211B723A8200D72831 /* Shader */ = {
			isa = PBXGroup;
			children = (
				4CF403721B73853900C02BAE /* Variables */,
				2608E2351B78FAF700E9F601 /* Structs */,
				4CCBB3F21B8425C800200C4E /* Resources */,
				4CF5CCA61B8C65FA0048E833 /* Parser */,
				4CCBB3FD1B842EB300200C4E /* Builder */,
			);
			name = Shader;
			sourceTree = "<group>";
		};
		4CCBB3F21B8425C800200C4E /* Resources */ = {
			isa = PBXGroup;
			children = (
				4CF7CDC31B84614C0093C32D /* BaseLightEffect.vert */,
				4CF7CDC41B84614C0093C32D /* BaseLightEffect.frag */,
				4CF7CDC51B8464B30093C32D /* DirectionalLightFunction.vert */,
				4CF7CDC61B84665E0093C32D /* PointLightFunciton.vert */,
				4CF7CDC71B84669F0093C32D /* SpotLightFunction.vert */,
				4CF5CCA71B8C66570048E833 /* Main.vert */,
				4CF5CCA81B8C665E0048E833 /* Main.frag */,
				4CF306B31B8DB0A0009544DC /* TestFunction1.vert */,
				4CF306B41B8DB17C009544DC /* TestFunction2.vert */,
				4CF306B51B8DB290009544DC /* TestFunction3.vert */,
				4C9D75911B8EEAA900AEA174 /* template.glsl */,
			);
			name = Resources;
			path = ShaderResources;
			sourceTree = "<group>";
		};
		4CCBB3FD1B842EB300200C4E /* Builder */ = {
			isa = PBXGroup;
			children = (
				4CCBB3F71B842A0E00200C4E /* CEShaderBuilder.h */,
				4CCBB3F81B842A0E00200C4E /* CEShaderBuilder.m */,
				4CCBB3FA1B842A8400200C4E /* CEShaderBuildResult.h */,
				4CCBB3FB1B842A8400200C4E /* CEShaderBuildResult.m */,
				4C51F1201B8B20DD0052511E /* CEShaderProfile.h */,
				4C51F1211B8B20DD0052511E /* CEShaderProfile.m */,
				4C51F11C1B8B1ECB0052511E /* CEShaderFunctionInfo.h */,
				4C51F11D1B8B1ECB0052511E /* CEShaderFunctionInfo.m */,
				4C9D75921B8EFAF600AEA174 /* CEShaderLinkFunctionInfo.h */,
				4C9D75931B8EFAF600AEA174 /* CEShaderLinkFunctionInfo.m */,
				4CD9CA9D1B8AB56600FDE357 /* CEShaderVariableInfo.h */,
				4CD9CA9E1B8AB56600FDE357 /* CEShaderVariableInfo.m */,
			);
			name = Builder;
			sourceTree = "<group>";
		};
		4CF403721B73853900C02BAE /* Variables */ = {
			isa = PBXGroup;
			children = (
				2608E23A1B78FD6900E9F601 /* CEShaderVariableDefines.h */,
				4CBD44221B723AB600D72831 /* CEShaderVariable.h */,
				4CBD44231B723AB600D72831 /* CEShaderVariable.m */,
				4CF403941B7388CE00C02BAE /* CEShaderVariable_privates.h */,
				4CF4036F1B73853300C02BAE /* CEShaderBool.h */,
				4CF403701B73853300C02BAE /* CEShaderBool.m */,
				4CF403761B73864900C02BAE /* CEShaderInteger.h */,
				4CF403771B73864900C02BAE /* CEShaderInteger.m */,
				4CF403791B73866800C02BAE /* CEShaderFloat.h */,
				4CF4037A1B73866800C02BAE /* CEShaderFloat.m */,
				4CF403731B73862900C02BAE /* CEShaderVector2.h */,
				4CF403741B73862900C02BAE /* CEShaderVector2.m */,
				4CF4037C1B73868600C02BAE /* CEShaderVector3.h */,
				4CF4037D1B73868600C02BAE /* CEShaderVector3.m */,
				4CF4037F1B7386A400C02BAE /* CEShaderVector4.h */,
				4CF403801B7386A400C02BAE /* CEShaderVector4.m */,
				4CF403821B7386B000C02BAE /* CEShaderMatrix2.h */,
				4CF403831B7386B000C02BAE /* CEShaderMatrix2.m */,
				4CF403851B7386BA00C02BAE /* CEShaderMatrix3.h */,
				4CF403861B7386BA00C02BAE /* CEShaderMatrix3.m */,
				4CF403881B7386C200C02BAE /* CEShaderMatrix4.h */,
				4CF403891B7386C200C02BAE /* CEShaderMatrix4.m */,
				4CF4038B1B7386CD00C02BAE /* CEShaderSample2D.h */,
				4CF4038C1B7386CD00C02BAE /* CEShaderSample2D.m */,
				4CF403911B73887600C02BAE /* CEShaderAttribute.h */,
				4CF403921B73887600C02BAE /* CEShaderAttribute.m */,
			);
			name = Variables;
			sourceTree = "<group>";
		};
		4CF5CCA61B8C65FA0048E833 /* Parser */ = {
			isa = PBXGroup;
			children = (
				4CCBB3FE1B842F3100200C4E /* CEShaderProfileParser.h */,
				4CCBB3FF1B842F3100200C4E /* CEShaderProfileParser.m */,
			);
			name = Parser;
			sourceTree = "<group>";
		};
/* End PBXGroup section */

/* Begin PBXNativeTarget section */
		26193F471AA8324600787C64 /* CubeEngine */ = {
			isa = PBXNativeTarget;
			buildConfigurationList = 26193F5C1AA8324600787C64 /* Build configuration list for PBXNativeTarget "CubeEngine" */;
			buildPhases = (
				26193F441AA8324600787C64 /* Sources */,
				26193F451AA8324600787C64 /* Frameworks */,
				26193F461AA8324600787C64 /* CopyFiles */,
			);
			buildRules = (
			);
			dependencies = (
			);
			name = CubeEngine;
			productName = CubeEngine;
			productReference = 26193F481AA8324600787C64 /* libCubeEngine.a */;
			productType = "com.apple.product-type.library.static";
		};
		4C1352051B835CEF008EA484 /* BuildTool */ = {
			isa = PBXNativeTarget;
			buildConfigurationList = 4C13520C1B835CEF008EA484 /* Build configuration list for PBXNativeTarget "BuildTool" */;
			buildPhases = (
				4C1352021B835CEF008EA484 /* Sources */,
				4C1352031B835CEF008EA484 /* Frameworks */,
				4C1352041B835CEF008EA484 /* CopyFiles */,
				4C13520E1B836022008EA484 /* ShellScript */,
			);
			buildRules = (
			);
			dependencies = (
			);
			name = BuildTool;
			productName = BuildTool;
			productReference = 4C1352061B835CEF008EA484 /* BuildTool */;
			productType = "com.apple.product-type.tool";
		};
/* End PBXNativeTarget section */

/* Begin PBXProject section */
		26193F401AA8324600787C64 /* Project object */ = {
			isa = PBXProject;
			attributes = {
				LastUpgradeCheck = 0610;
				ORGANIZATIONNAME = ByChance;
				TargetAttributes = {
					26193F471AA8324600787C64 = {
						CreatedOnToolsVersion = 6.1;
					};
					4C1352051B835CEF008EA484 = {
						CreatedOnToolsVersion = 6.3.2;
					};
				};
			};
			buildConfigurationList = 26193F431AA8324600787C64 /* Build configuration list for PBXProject "CubeEngine" */;
			compatibilityVersion = "Xcode 3.2";
			developmentRegion = English;
			hasScannedForEncodings = 0;
			knownRegions = (
				en,
			);
			mainGroup = 26193F3F1AA8324600787C64;
			productRefGroup = 26193F491AA8324600787C64 /* Products */;
			projectDirPath = "";
			projectRoot = "";
			targets = (
				26193F471AA8324600787C64 /* CubeEngine */,
				4C1352051B835CEF008EA484 /* BuildTool */,
			);
		};
/* End PBXProject section */

/* Begin PBXShellScriptBuildPhase section */
		4C13520E1B836022008EA484 /* ShellScript */ = {
			isa = PBXShellScriptBuildPhase;
			buildActionMask = 2147483647;
			files = (
			);
			inputPaths = (
			);
			outputPaths = (
			);
			runOnlyForDeploymentPostprocessing = 0;
			shellPath = /bin/sh;
			shellScript = "# Copy BuildTool to CubeEngine/BuildTool/\nBUNDLE_DIR=${PROJECT_DIR}/BuildTool/BuildTool\n\nif [ -d \"$BUNDLE_DIR\" ]\nthen\necho \"Remove last BuildTool\"\nrm -rf \"$BUNDLE_DIR\"\nfi\n\ncp -fr ${BUILT_PRODUCTS_DIR}/BuildTool BuildTool";
		};
/* End PBXShellScriptBuildPhase section */

/* Begin PBXSourcesBuildPhase section */
		26193F441AA8324600787C64 /* Sources */ = {
			isa = PBXSourcesBuildPhase;
			buildActionMask = 2147483647;
			files = (
				4C43A4301ADC37C600761CA9 /* CEVertexBuffer.m in Sources */,
				269249951B033D4A0069892D /* CEBufferGroup.m in Sources */,
				4CD9CAA41B8AC1FB00FDE357 /* CECodingObject.m in Sources */,
				26F7FF8F1ADE45660086D9D7 /* CEAssistRenderer.m in Sources */,
				268CBC5B1ADCB72C00795A6D /* CEIndicesBuffer.m in Sources */,
				4CF4038D1B7386CD00C02BAE /* CEShaderSample2D.m in Sources */,
				4CF403751B73862900C02BAE /* CEShaderVector2.m in Sources */,
				2690E8541AEA2F8E000BDD8F /* CEPointLight.m in Sources */,
				4CD9EB951B3BF7D400C6FCB5 /* CEShadowLight.m in Sources */,
				4CF4037E1B73868600C02BAE /* CEShaderVector3.m in Sources */,
				267F4D811B0CD81100F25452 /* CEMainProgram.m in Sources */,
				4CF403931B73887600C02BAE /* CEShaderAttribute.m in Sources */,
				4CD480941B40E7B40044517C /* CELightUniforms.m in Sources */,
				261089661AAD31AF0041E142 /* CEScene.m in Sources */,
				4C51F1221B8B20DD0052511E /* CEShaderProfile.m in Sources */,
				26F7B75A1AEE31C400BEDB01 /* CESpotLight.m in Sources */,
				4CCBB3F91B842A0E00200C4E /* CEShaderBuilder.m in Sources */,
				4CCBB3FC1B842A8400200C4E /* CEShaderBuildResult.m in Sources */,
				261089691AAD31C60041E142 /* CECamera.m in Sources */,
				4C9D75941B8EFAF600AEA174 /* CEShaderLinkFunctionInfo.m in Sources */,
				4C51F11E1B8B1ECB0052511E /* CEShaderFunctionInfo.m in Sources */,
				2624ABA11AD62BC800FC863C /* CEMaterial.m in Sources */,
				4CF4037B1B73866800C02BAE /* CEShaderFloat.m in Sources */,
				26C3B7321AE8F09F0061BEFC /* CELightInfo.m in Sources */,
				2608E2391B78FCB500E9F601 /* CEShaderLightInfo.m in Sources */,
				2624ABA91AD6A56A00FC863C /* CEModel.m in Sources */,
				2624AB9E1AD62BAE00FC863C /* CETexture.m in Sources */,
				4CD9CA9F1B8AB56600FDE357 /* CEShaderVariableInfo.m in Sources */,
				4CF4038A1B7386C200C02BAE /* CEShaderMatrix4.m in Sources */,
				26193F4E1AA8324600787C64 /* CubeEngine.m in Sources */,
				4CF403871B7386BA00C02BAE /* CEShaderMatrix3.m in Sources */,
				4CF403781B73864900C02BAE /* CEShaderInteger.m in Sources */,
				263C8E5E1AE5F546004FDFE8 /* CELight.m in Sources */,
				2625B8C01AE7D340002FD478 /* CEDirectionalLight.m in Sources */,
				26193FBF1AA85F3F00787C64 /* CEProgram.m in Sources */,
				4CBD44271B72453500D72831 /* CEShaderStruct.m in Sources */,
				265ACD591AB2D406000277F2 /* CEObject.m in Sources */,
				2658786B1AD7C99100BA2137 /* CEWireframeRenderer.m in Sources */,
				26FF85381B0A173C0075B971 /* CEMainRenderer.m in Sources */,
				4CBD44241B723AB600D72831 /* CEShaderVariable.m in Sources */,
				260949191B0598EE00F7465B /* CEObjParser.m in Sources */,
				2624ABAC1AD6A85500FC863C /* CERenderManager.m in Sources */,
				260949161B0598E000F7465B /* CEMtlParser.m in Sources */,
				2624A6111B0AD234001E3F32 /* CEProgramConfig.m in Sources */,
				4CCBB4001B842F3100200C4E /* CEShaderProfileParser.m in Sources */,
				26A9A8D71AF7744200394A4C /* CERenderCore.m in Sources */,
				269608F01AF85E9C0045FB03 /* CEViewController.m in Sources */,
				4CF403841B7386B000C02BAE /* CEShaderMatrix2.m in Sources */,
				4CF403811B7386A400C02BAE /* CEShaderVector4.m in Sources */,
				4CF403711B73853300C02BAE /* CEShaderBool.m in Sources */,
				4C43A4331ADC380A00761CA9 /* CEVBOAttribute.m in Sources */,
				269F476A1B0089030030CD55 /* CEShadowMapBuffer.m in Sources */,
				4CFE33631B3CFAAB00679817 /* CEShadowMapRenderer.m in Sources */,
				263BBBE11AB91A3600F88F65 /* CEUtils.m in Sources */,
				26A4E1291ACD734900847553 /* CEObjFileLoader.m in Sources */,
				260949131B05981600F7465B /* CEObjMeshInfo.m in Sources */,
				269608ED1AF85E750045FB03 /* CEView.m in Sources */,
			);
			runOnlyForDeploymentPostprocessing = 0;
		};
		4C1352021B835CEF008EA484 /* Sources */ = {
			isa = PBXSourcesBuildPhase;
			buildActionMask = 2147483647;
			files = (
				4CD7F13E1B91BABF00C118D7 /* CEShaderVector2.m in Sources */,
				4CD7F1451B91BABF00C118D7 /* CEShaderAttribute.m in Sources */,
				4CD7F13F1B91BABF00C118D7 /* CEShaderVector3.m in Sources */,
				4CD7F1411B91BABF00C118D7 /* CEShaderMatrix2.m in Sources */,
				4C51F1231B8B20F10052511E /* CEShaderProfile.m in Sources */,
				4CD7F1431B91BABF00C118D7 /* CEShaderMatrix4.m in Sources */,
				4CD7F13A1B91BABF00C118D7 /* CEShaderVariable.m in Sources */,
				4C51F11F1B8B1EE50052511E /* CEShaderFunctionInfo.m in Sources */,
				4CD7F1401B91BABF00C118D7 /* CEShaderVector4.m in Sources */,
				4CD7F1421B91BABF00C118D7 /* CEShaderMatrix3.m in Sources */,
				4C9D75951B8F009600AEA174 /* CEShaderLinkFunctionInfo.m in Sources */,
				4CD7F1381B91BA9900C118D7 /* CEShaderBuilder.m in Sources */,
				4CD7F1371B91BA1400C118D7 /* CEShaderLightInfo.m in Sources */,
				4CD7F1441B91BABF00C118D7 /* CEShaderSample2D.m in Sources */,
				4CD7F1361B91BA1400C118D7 /* CEShaderStruct.m in Sources */,
				4CD7F1391B91BA9900C118D7 /* CEShaderBuildResult.m in Sources */,
				4CD9CAAA1B8AF9E500FDE357 /* CECodingObject.m in Sources */,
				4C1352171B8364B2008EA484 /* main.m in Sources */,
				4CD9CAA51B8AC39900FDE357 /* CEShaderProfileParser.m in Sources */,
				4CD9CAA81B8AC39900FDE357 /* CEShaderVariableInfo.m in Sources */,
				4CD7F13C1B91BABF00C118D7 /* CEShaderInteger.m in Sources */,
				4CD7F13B1B91BABF00C118D7 /* CEShaderBool.m in Sources */,
				4C1352151B83638B008EA484 /* BuildToolManager.m in Sources */,
				4CD7F13D1B91BABF00C118D7 /* CEShaderFloat.m in Sources */,
			);
			runOnlyForDeploymentPostprocessing = 0;
		};
/* End PBXSourcesBuildPhase section */

/* Begin XCBuildConfiguration section */
		26193F5A1AA8324600787C64 /* Debug */ = {
			isa = XCBuildConfiguration;
			buildSettings = {
				ALWAYS_SEARCH_USER_PATHS = NO;
				CLANG_CXX_LANGUAGE_STANDARD = "gnu++0x";
				CLANG_CXX_LIBRARY = "libc++";
				CLANG_ENABLE_MODULES = YES;
				CLANG_ENABLE_OBJC_ARC = YES;
				CLANG_WARN_BOOL_CONVERSION = YES;
				CLANG_WARN_CONSTANT_CONVERSION = YES;
				CLANG_WARN_DIRECT_OBJC_ISA_USAGE = YES_ERROR;
				CLANG_WARN_EMPTY_BODY = YES;
				CLANG_WARN_ENUM_CONVERSION = YES;
				CLANG_WARN_INT_CONVERSION = YES;
				CLANG_WARN_OBJC_ROOT_CLASS = YES_ERROR;
				CLANG_WARN_UNREACHABLE_CODE = YES;
				CLANG_WARN__DUPLICATE_METHOD_MATCH = YES;
				COPY_PHASE_STRIP = NO;
				ENABLE_STRICT_OBJC_MSGSEND = YES;
				GCC_C_LANGUAGE_STANDARD = gnu99;
				GCC_DYNAMIC_NO_PIC = NO;
				GCC_OPTIMIZATION_LEVEL = 0;
				GCC_PREPROCESSOR_DEFINITIONS = (
					"DEBUG=1",
					"$(inherited)",
				);
				GCC_SYMBOLS_PRIVATE_EXTERN = NO;
				GCC_WARN_64_TO_32_BIT_CONVERSION = YES;
				GCC_WARN_ABOUT_RETURN_TYPE = YES_ERROR;
				GCC_WARN_UNDECLARED_SELECTOR = YES;
				GCC_WARN_UNINITIALIZED_AUTOS = YES_AGGRESSIVE;
				GCC_WARN_UNUSED_FUNCTION = YES;
				GCC_WARN_UNUSED_VARIABLE = YES;
				IPHONEOS_DEPLOYMENT_TARGET = 8.1;
				MTL_ENABLE_DEBUG_INFO = YES;
				ONLY_ACTIVE_ARCH = YES;
				SDKROOT = iphoneos;
			};
			name = Debug;
		};
		26193F5B1AA8324600787C64 /* Release */ = {
			isa = XCBuildConfiguration;
			buildSettings = {
				ALWAYS_SEARCH_USER_PATHS = NO;
				CLANG_CXX_LANGUAGE_STANDARD = "gnu++0x";
				CLANG_CXX_LIBRARY = "libc++";
				CLANG_ENABLE_MODULES = YES;
				CLANG_ENABLE_OBJC_ARC = YES;
				CLANG_WARN_BOOL_CONVERSION = YES;
				CLANG_WARN_CONSTANT_CONVERSION = YES;
				CLANG_WARN_DIRECT_OBJC_ISA_USAGE = YES_ERROR;
				CLANG_WARN_EMPTY_BODY = YES;
				CLANG_WARN_ENUM_CONVERSION = YES;
				CLANG_WARN_INT_CONVERSION = YES;
				CLANG_WARN_OBJC_ROOT_CLASS = YES_ERROR;
				CLANG_WARN_UNREACHABLE_CODE = YES;
				CLANG_WARN__DUPLICATE_METHOD_MATCH = YES;
				COPY_PHASE_STRIP = YES;
				ENABLE_NS_ASSERTIONS = NO;
				ENABLE_STRICT_OBJC_MSGSEND = YES;
				GCC_C_LANGUAGE_STANDARD = gnu99;
				GCC_WARN_64_TO_32_BIT_CONVERSION = YES;
				GCC_WARN_ABOUT_RETURN_TYPE = YES_ERROR;
				GCC_WARN_UNDECLARED_SELECTOR = YES;
				GCC_WARN_UNINITIALIZED_AUTOS = YES_AGGRESSIVE;
				GCC_WARN_UNUSED_FUNCTION = YES;
				GCC_WARN_UNUSED_VARIABLE = YES;
				IPHONEOS_DEPLOYMENT_TARGET = 8.1;
				MTL_ENABLE_DEBUG_INFO = NO;
				SDKROOT = iphoneos;
				VALIDATE_PRODUCT = YES;
			};
			name = Release;
		};
		26193F5D1AA8324600787C64 /* Debug */ = {
			isa = XCBuildConfiguration;
			buildSettings = {
				GCC_PREFIX_HEADER = "CubeEngine/CubeEngine-Prefix.pch";
				HEADER_SEARCH_PATHS = (
					"$(inherited)",
					/Applications/Xcode.app/Contents/Developer/Toolchains/XcodeDefault.xctoolchain/usr/include,
				);
				IPHONEOS_DEPLOYMENT_TARGET = 6.0;
				OTHER_LDFLAGS = "-ObjC";
				PRODUCT_NAME = "$(TARGET_NAME)";
				SKIP_INSTALL = YES;
			};
			name = Debug;
		};
		26193F5E1AA8324600787C64 /* Release */ = {
			isa = XCBuildConfiguration;
			buildSettings = {
				GCC_PREFIX_HEADER = "CubeEngine/CubeEngine-Prefix.pch";
				HEADER_SEARCH_PATHS = (
					"$(inherited)",
					/Applications/Xcode.app/Contents/Developer/Toolchains/XcodeDefault.xctoolchain/usr/include,
				);
				IPHONEOS_DEPLOYMENT_TARGET = 6.0;
				OTHER_LDFLAGS = "-ObjC";
				PRODUCT_NAME = "$(TARGET_NAME)";
				SKIP_INSTALL = YES;
			};
			name = Release;
		};
		4C13520A1B835CEF008EA484 /* Debug */ = {
			isa = XCBuildConfiguration;
			buildSettings = {
				DEBUG_INFORMATION_FORMAT = dwarf;
				GCC_NO_COMMON_BLOCKS = YES;
				GCC_PREPROCESSOR_DEFINITIONS = (
					"DEBUG=1",
					"$(inherited)",
				);
				MACOSX_DEPLOYMENT_TARGET = 10.10;
				PRODUCT_NAME = "$(TARGET_NAME)";
				SDKROOT = macosx;
			};
			name = Debug;
		};
		4C13520B1B835CEF008EA484 /* Release */ = {
			isa = XCBuildConfiguration;
			buildSettings = {
				COPY_PHASE_STRIP = NO;
				DEBUG_INFORMATION_FORMAT = "dwarf-with-dsym";
				GCC_NO_COMMON_BLOCKS = YES;
				MACOSX_DEPLOYMENT_TARGET = 10.10;
				PRODUCT_NAME = "$(TARGET_NAME)";
				SDKROOT = macosx;
			};
			name = Release;
		};
/* End XCBuildConfiguration section */

/* Begin XCConfigurationList section */
		26193F431AA8324600787C64 /* Build configuration list for PBXProject "CubeEngine" */ = {
			isa = XCConfigurationList;
			buildConfigurations = (
				26193F5A1AA8324600787C64 /* Debug */,
				26193F5B1AA8324600787C64 /* Release */,
			);
			defaultConfigurationIsVisible = 0;
			defaultConfigurationName = Release;
		};
		26193F5C1AA8324600787C64 /* Build configuration list for PBXNativeTarget "CubeEngine" */ = {
			isa = XCConfigurationList;
			buildConfigurations = (
				26193F5D1AA8324600787C64 /* Debug */,
				26193F5E1AA8324600787C64 /* Release */,
			);
			defaultConfigurationIsVisible = 0;
			defaultConfigurationName = Release;
		};
		4C13520C1B835CEF008EA484 /* Build configuration list for PBXNativeTarget "BuildTool" */ = {
			isa = XCConfigurationList;
			buildConfigurations = (
				4C13520A1B835CEF008EA484 /* Debug */,
				4C13520B1B835CEF008EA484 /* Release */,
			);
			defaultConfigurationIsVisible = 0;
			defaultConfigurationName = Release;
		};
/* End XCConfigurationList section */
	};
	rootObject = 26193F401AA8324600787C64 /* Project object */;
}
